# This lock file was generated by conda-lock (https://github.com/conda/conda-lock). DO NOT EDIT!
#
# A "lock file" contains a concrete list of package versions (with checksums) to be installed. Unlike
# e.g. `conda env create`, the resulting environment will not change as new package versions become
# available, unless you explicitly update the lock file.
#
# Install this environment as "YOURENV" with:
#     conda-lock install -n YOURENV conda-lock.yml
# To update a single package to the latest version compatible with the version constraints in the source:
#     conda-lock lock  --lockfile conda-lock.yml --update PACKAGE
# To re-solve the entire environment, e.g. after changing a version constraint in the source file:
#     conda-lock -f environment_new.yml --lockfile conda-lock.yml
version: 1
metadata:
  content_hash:
    osx-arm64: 183182c072840ab8bb728abd6761e543a7a8da69a7f739551cb20f52a6f41f3b
  channels:
  - url: conda-forge
    used_env_vars: []
  platforms:
  - osx-arm64
  sources:
  - environment_new.yml
package:
- name: bzip2
  version: 1.0.8
  manager: conda
  platform: osx-arm64
  dependencies:
    __osx: '>=11.0'
  url: https://conda.anaconda.org/conda-forge/osx-arm64/bzip2-1.0.8-h99b78c6_7.conda
  hash:
    md5: fc6948412dbbbe9a4c9ddbbcfe0a79ab
    sha256: adfa71f158cbd872a36394c56c3568e6034aa55c623634b37a4836bd036e6b91
  category: main
  optional: false
- name: ca-certificates
  version: 2025.1.31
  manager: conda
  platform: osx-arm64
  dependencies: {}
  url: https://conda.anaconda.org/conda-forge/osx-arm64/ca-certificates-2025.1.31-hf0a4a13_0.conda
  hash:
    md5: 3569d6a9141adc64d2fe4797f3289e06
    sha256: 7e12816618173fe70f5c638b72adf4bfd4ddabf27794369bb17871c5bb75b9f9
  category: main
  optional: false
- name: libexpat
  version: 2.7.0
  manager: conda
  platform: osx-arm64
  dependencies:
    __osx: '>=11.0'
  url: https://conda.anaconda.org/conda-forge/osx-arm64/libexpat-2.7.0-h286801f_0.conda
  hash:
    md5: 6934bbb74380e045741eb8637641a65b
    sha256: ee550e44765a7bbcb2a0216c063dcd53ac914a7be5386dd0554bd06e6be61840
  category: main
  optional: false
- name: libffi
  version: 3.4.6
  manager: conda
  platform: osx-arm64
  dependencies:
    __osx: '>=11.0'
  url: https://conda.anaconda.org/conda-forge/osx-arm64/libffi-3.4.6-h1da3d7d_1.conda
  hash:
    md5: c215a60c2935b517dcda8cad4705734d
    sha256: c6a530924a9b14e193ea9adfe92843de2a806d1b7dbfd341546ece9653129e60
  category: main
  optional: false
- name: liblzma
  version: 5.8.1
  manager: conda
  platform: osx-arm64
  dependencies:
    __osx: '>=11.0'
  url: https://conda.anaconda.org/conda-forge/osx-arm64/liblzma-5.8.1-h39f12f2_0.conda
  hash:
    md5: ba24e6f25225fea3d5b6912e2ac562f8
    sha256: 4291dde55ebe9868491dc29716b84ac3de21b8084cbd4d05c9eea79d206b8ab7
  category: main
  optional: false
- name: liblzma-devel
  version: 5.8.1
  manager: conda
  platform: osx-arm64
  dependencies:
    __osx: '>=11.0'
    liblzma: 5.8.1
  url: https://conda.anaconda.org/conda-forge/osx-arm64/liblzma-devel-5.8.1-h39f12f2_0.conda
  hash:
    md5: 04d3b0bd4202147c9b54581931c075b4
    sha256: c59b54ce0cb82800367b1070a56dfdd4e0ddc804a16eab2f3ecd7aa56b4cdb7a
  category: main
  optional: false
- name: libsqlite
  version: 3.49.1
  manager: conda
  platform: osx-arm64
  dependencies:
    __osx: '>=11.0'
    libzlib: '>=1.3.1,<2.0a0'
  url: https://conda.anaconda.org/conda-forge/osx-arm64/libsqlite-3.49.1-h3f77e49_2.conda
  hash:
    md5: 3b1e330d775170ac46dff9a94c253bd0
    sha256: 907a95f73623c343fc14785cbfefcb7a6b4f2bcf9294fcb295c121611c3a590d
  category: main
  optional: false
- name: libzlib
  version: 1.3.1
  manager: conda
  platform: osx-arm64
  dependencies:
    __osx: '>=11.0'
  url: https://conda.anaconda.org/conda-forge/osx-arm64/libzlib-1.3.1-h8359307_2.conda
  hash:
    md5: 369964e85dc26bfe78f41399b366c435
    sha256: ce34669eadaba351cd54910743e6a2261b67009624dbc7daeeafdef93616711b
  category: main
  optional: false
- name: ncurses
  version: '6.5'
  manager: conda
  platform: osx-arm64
  dependencies:
    __osx: '>=11.0'
  url: https://conda.anaconda.org/conda-forge/osx-arm64/ncurses-6.5-h5e97a16_3.conda
  hash:
    md5: 068d497125e4bf8a66bf707254fff5ae
    sha256: 2827ada40e8d9ca69a153a45f7fd14f32b2ead7045d3bbb5d10964898fe65733
  category: main
  optional: false
- name: openssl
  version: 3.5.0
  manager: conda
  platform: osx-arm64
  dependencies:
    __osx: '>=11.0'
    ca-certificates: ''
  url: https://conda.anaconda.org/conda-forge/osx-arm64/openssl-3.5.0-h81ee809_0.conda
  hash:
    md5: 3d2936da7e240d24c656138e07fa2502
    sha256: 53f825acb8d3e13bdad5c869f6dc7df931941450eea7f6473b955b0aaea1a399
  category: main
  optional: false
- name: pip
  version: 25.0.1
  manager: conda
  platform: osx-arm64
  dependencies:
    python: '>=3.9,<3.13.0a0'
    setuptools: ''
    wheel: ''
  url: https://conda.anaconda.org/conda-forge/noarch/pip-25.0.1-pyh8b19718_0.conda
  hash:
    md5: 79b5c1440aedc5010f687048d9103628
    sha256: 585940f09d87787f79f73ff5dff8eb2af8a67e5bec5eebf2f553cd26c840ba69
  category: main
  optional: false
- name: python
  version: 3.12.3
  manager: conda
  platform: osx-arm64
  dependencies:
    __osx: '>=11.0'
    bzip2: '>=1.0.8,<2.0a0'
    libexpat: '>=2.6.2,<3.0a0'
    libffi: '>=3.4,<4.0a0'
    libsqlite: '>=3.45.2,<4.0a0'
    libzlib: '>=1.2.13,<2.0.0a0'
    ncurses: '>=6.4.20240210,<7.0a0'
    openssl: '>=3.2.1,<4.0a0'
    readline: '>=8.2,<9.0a0'
    tk: '>=8.6.13,<8.7.0a0'
    tzdata: ''
    xz: '>=5.2.6,<6.0a0'
  url: https://conda.anaconda.org/conda-forge/osx-arm64/python-3.12.3-h4a7b5fc_0_cpython.conda
  hash:
    md5: 8643ab37bece6ae8f112464068d9df9c
    sha256: c761fb3713ea66bce3889b33b6f400afb2dd192d1fc2686446e9d8166cfcec6b
  category: main
  optional: false
- name: readline
  version: '8.2'
  manager: conda
  platform: osx-arm64
  dependencies:
    ncurses: '>=6.5,<7.0a0'
  url: https://conda.anaconda.org/conda-forge/osx-arm64/readline-8.2-h1d1bf99_2.conda
  hash:
    md5: 63ef3f6e6d6d5c589e64f11263dc5676
    sha256: 7db04684d3904f6151eff8673270922d31da1eea7fa73254d01c437f49702e34
  category: main
  optional: false
- name: setuptools
  version: 78.1.0
  manager: conda
  platform: osx-arm64
  dependencies:
    python: '>=3.9'
  url: https://conda.anaconda.org/conda-forge/noarch/setuptools-78.1.0-pyhff2d567_0.conda
  hash:
    md5: a42da9837e46c53494df0044c3eb1f53
    sha256: d4c74d2140f2fbc72fe5320cbd65f3fd1d1f7832ab4d7825c37c38ab82440ae2
  category: main
  optional: false
- name: tk
  version: 8.6.13
  manager: conda
  platform: osx-arm64
  dependencies:
    libzlib: '>=1.2.13,<2.0.0a0'
  url: https://conda.anaconda.org/conda-forge/osx-arm64/tk-8.6.13-h5083fa2_1.conda
  hash:
    md5: b50a57ba89c32b62428b71a875291c9b
    sha256: 72457ad031b4c048e5891f3f6cb27a53cb479db68a52d965f796910e71a403a8
  category: main
  optional: false
- name: tzdata
  version: 2025b
  manager: conda
  platform: osx-arm64
  dependencies: {}
  url: https://conda.anaconda.org/conda-forge/noarch/tzdata-2025b-h78e105d_0.conda
  hash:
    md5: 4222072737ccff51314b5ece9c7d6f5a
    sha256: 5aaa366385d716557e365f0a4e9c3fca43ba196872abbbe3d56bb610d131e192
  category: main
  optional: false
- name: wheel
  version: 0.45.1
  manager: conda
  platform: osx-arm64
  dependencies:
    python: '>=3.9'
  url: https://conda.anaconda.org/conda-forge/noarch/wheel-0.45.1-pyhd8ed1ab_1.conda
  hash:
    md5: 75cb7132eb58d97896e173ef12ac9986
    sha256: 1b34021e815ff89a4d902d879c3bd2040bc1bd6169b32e9427497fa05c55f1ce
  category: main
  optional: false
- name: xz
  version: 5.8.1
  manager: conda
  platform: osx-arm64
  dependencies:
    __osx: '>=11.0'
    liblzma: 5.8.1
    liblzma-devel: 5.8.1
    xz-gpl-tools: 5.8.1
    xz-tools: 5.8.1
  url: https://conda.anaconda.org/conda-forge/osx-arm64/xz-5.8.1-h9a6d368_0.conda
  hash:
    md5: 6cbb460021a53fc29db69a51846e9b36
    sha256: 339d096f9a08e08ddcedc65dd28635610f629cdb1b57d6851308605f6776d013
  category: main
  optional: false
- name: xz-gpl-tools
  version: 5.8.1
  manager: conda
  platform: osx-arm64
  dependencies:
    __osx: '>=11.0'
    liblzma: 5.8.1
  url: https://conda.anaconda.org/conda-forge/osx-arm64/xz-gpl-tools-5.8.1-h9a6d368_0.conda
  hash:
    md5: af7ff1efa304098c6aa59fabafaab964
    sha256: f4ae1e580f46b00c8cc66fbcff0f8ba612e6cb4551f0699b112f6bdbd9472a85
  category: main
  optional: false
- name: xz-tools
  version: 5.8.1
  manager: conda
  platform: osx-arm64
  dependencies:
    __osx: '>=11.0'
    liblzma: 5.8.1
  url: https://conda.anaconda.org/conda-forge/osx-arm64/xz-tools-5.8.1-h39f12f2_0.conda
  hash:
    md5: f9092635d51d9cdebee1864047ceb1f6
    sha256: cad2b7856f3d3c35e9e86a08e40aa95d2b385f352bb34e35961749f8b1570439
  category: main
  optional: false
- name: annotated-types
  version: 0.7.0
  manager: pip
  platform: osx-arm64
  dependencies: {}
  url: https://files.pythonhosted.org/packages/78/b6/6307fbef88d9b5ee7421e68d78a9f162e0da4900bc5f5793f6d3d0e34fb8/annotated_types-0.7.0-py3-none-any.whl
  hash:
    sha256: 1f02e8b43a8fbbc3f3e0d4f0f4bfc8131bcb4eebe8849b8e5c773f3a1c582a53
  category: main
  optional: false
- name: appdirs
  version: 1.4.4
  manager: pip
  platform: osx-arm64
  dependencies: {}
  url: https://files.pythonhosted.org/packages/3b/00/2344469e2084fb287c2e0b57b72910309874c3245463acd6cf5e3db69324/appdirs-1.4.4-py2.py3-none-any.whl
  hash:
    sha256: a841dacd6b99318a741b166adb07e19ee71a274450e68237b4650ca1055ab128
  category: main
  optional: false
- name: boltons
  version: 25.0.0
  manager: pip
  platform: osx-arm64
  dependencies: {}
  url: https://files.pythonhosted.org/packages/45/7f/0e961cf3908bc4c1c3e027de2794f867c6c89fb4916fc7dba295a0e80a2d/boltons-25.0.0-py3-none-any.whl
  hash:
    sha256: dc9fb38bf28985715497d1b54d00b62ea866eca3938938ea9043e254a3a6ca62
  category: main
  optional: false
- name: build
  version: 1.2.2.post1
  manager: pip
  platform: osx-arm64
  dependencies:
    packaging: '>=19.1'
    pyproject-hooks: '*'
  url: https://files.pythonhosted.org/packages/84/c2/80633736cd183ee4a62107413def345f7e6e3c01563dbca1417363cf957e/build-1.2.2.post1-py3-none-any.whl
  hash:
    sha256: 1d61c0887fa860c01971625baae8bdd338e517b836a2f70dd1f7aa3a6b2fc5b5
  category: main
  optional: false
- name: cachecontrol
  version: 0.14.2
  manager: pip
  platform: osx-arm64
  dependencies:
    filelock: '>=3.8.0'
    msgpack: '>=0.5.2,<2.0.0'
    requests: '>=2.16.0'
  url: https://files.pythonhosted.org/packages/c8/63/baffb44ca6876e7b5fc8fe17b24a7c07bf479d604a592182db9af26ea366/cachecontrol-0.14.2-py3-none-any.whl
  hash:
    sha256: ebad2091bf12d0d200dfc2464330db638c5deb41d546f6d7aca079e87290f3b0
  category: main
  optional: false
- name: certifi
  version: 2025.1.31
  manager: pip
  platform: osx-arm64
  dependencies: {}
  url: https://files.pythonhosted.org/packages/38/fc/bce832fd4fd99766c04d1ee0eead6b0ec6486fb100ae5e74c1d91292b982/certifi-2025.1.31-py3-none-any.whl
  hash:
    sha256: ca78db4565a652026a4db2bcdf68f2fb589ea80d0be70e03929ed730746b84fe
  category: main
  optional: false
- name: cffi
  version: 1.17.1
  manager: pip
  platform: osx-arm64
  dependencies:
    pycparser: '*'
  url: https://files.pythonhosted.org/packages/da/ee/fb72c2b48656111c4ef27f0f91da355e130a923473bf5ee75c5643d00cca/cffi-1.17.1-cp312-cp312-macosx_11_0_arm64.whl
  hash:
    sha256: 733e99bc2df47476e3848417c5a4540522f234dfd4ef3ab7fafdf555b082ec0c
  category: main
  optional: false
- name: charset-normalizer
  version: 3.4.1
  manager: pip
  platform: osx-arm64
  dependencies: {}
  url: https://files.pythonhosted.org/packages/0a/9a/dd1e1cdceb841925b7798369a09279bd1cf183cef0f9ddf15a3a6502ee45/charset_normalizer-3.4.1-cp312-cp312-macosx_10_13_universal2.whl
  hash:
    sha256: 73d94b58ec7fecbc7366247d3b0b10a21681004153238750bb67bd9012414545
  category: main
  optional: false
- name: click
  version: 8.1.8
  manager: pip
  platform: osx-arm64
  dependencies: {}
  url: https://files.pythonhosted.org/packages/7e/d4/7ebdbd03970677812aac39c869717059dbb71a4cfc033ca6e5221787892c/click-8.1.8-py3-none-any.whl
  hash:
    sha256: 63c132bbbed01578a06712a2d1f497bb62d9c1c0d329b7903a866228027263b2
  category: main
  optional: false
- name: click-default-group
  version: 1.2.4
  manager: pip
  platform: osx-arm64
  dependencies:
    click: '*'
  url: https://files.pythonhosted.org/packages/2c/1a/aff8bb287a4b1400f69e09a53bd65de96aa5cee5691925b38731c67fc695/click_default_group-1.2.4-py2.py3-none-any.whl
  hash:
    sha256: 9b60486923720e7fc61731bdb32b617039aba820e22e1c88766b1125592eaa5f
  category: main
  optional: false
- name: conda-lock
  version: 3.0.0
  manager: pip
  platform: osx-arm64
  dependencies:
    boltons: '>=23.0.0'
    build: '>=1.2.1,<2.0.0'
    cachecontrol: '>=0.14.0,<0.15.0'
    charset-normalizer: '*'
    click: '>=8.0'
    click-default-group: '*'
    crashtest: '>=0.4.1,<0.5.0'
    dulwich: '>=0.22.6,<0.23.0'
    ensureconda: '>=1.4.7'
    fastjsonschema: '>=2.18.0,<3.0.0'
    filelock: '*'
    gitpython: '>=3.1.30'
    installer: '>=0.7.0,<0.8.0'
    jinja2: '*'
    keyring: '>=25.1.0,<26.0.0'
    packaging: '>=24.0'
    pkginfo: '>=1.12,<2.0'
    platformdirs: '>=3.10.0,<5.0.0'
    pydantic: '>=2'
    pyproject-hooks: '>=1.0.0,<2.0.0'
    pyyaml: '>=5.1'
    requests: '>=2.26,<3.0'
    requests-toolbelt: '>=1.0.0,<2.0.0'
    ruamel-yaml: '*'
    semver: '>=3,<4'
    setuptools: '*'
    shellingham: '>=1.5,<2.0'
    tomlkit: '>=0.11.4,<1.0.0'
    trove-classifiers: '>=2022.5.19'
    typing-extensions: '*'
    virtualenv: '>=20.26.6,<21.0.0'
    xattr: '>=1.0.0,<2.0.0'
    zstandard: '>=0.15'
  url: https://files.pythonhosted.org/packages/7c/7c/94132d91e7426aec81387cc5f48f2882fdd82f6b2285ec4dc05a73cc86c9/conda_lock-3.0.0-py3-none-any.whl
  hash:
    sha256: 9246de3b81032dd235479dfea489ebdabfcf70498368cf3f9894c7f06bd68611
  category: main
  optional: false
- name: crashtest
  version: 0.4.1
  manager: pip
  platform: osx-arm64
  dependencies: {}
  url: https://files.pythonhosted.org/packages/b0/5c/3ba7d12e7a79566f97b8f954400926d7b6eb33bcdccc1315a857f200f1f1/crashtest-0.4.1-py3-none-any.whl
  hash:
    sha256: 8d23eac5fa660409f57472e3851dab7ac18aba459a8d19cbbba86d3d5aecd2a5
  category: main
  optional: false
- name: distlib
  version: 0.3.9
  manager: pip
  platform: osx-arm64
  dependencies: {}
  url: https://files.pythonhosted.org/packages/91/a1/cf2472db20f7ce4a6be1253a81cfdf85ad9c7885ffbed7047fb72c24cf87/distlib-0.3.9-py2.py3-none-any.whl
  hash:
    sha256: 47f8c22fd27c27e25a65601af709b38e4f0a45ea4fc2e710f65755fa8caaaf87
  category: main
  optional: false
- name: dulwich
  version: 0.22.8
  manager: pip
  platform: osx-arm64
  dependencies:
    urllib3: '>=1.25'
  url: https://files.pythonhosted.org/packages/d5/f2/53c5a22a4a9c0033e10f35c293bc533d64fe3e0c4ff4421128a97d6feda9/dulwich-0.22.8-cp312-cp312-macosx_11_0_arm64.whl
  hash:
    sha256: d81697f74f50f008bb221ab5045595f8a3b87c0de2c86aa55be42ba97421f3cd
  category: main
  optional: false
- name: ensureconda
  version: 1.4.7
  manager: pip
  platform: osx-arm64
  dependencies:
    appdirs: '*'
    click: '>=5.1'
    filelock: '*'
    packaging: '*'
    requests: '>=2'
  url: https://files.pythonhosted.org/packages/2f/a3/811b5d446aafe9bac19475f3c9b96242b3ca7ef3e0b238b2875ac2bbe9f6/ensureconda-1.4.7-py3-none-any.whl
  hash:
    sha256: 9b19eafc6561592fd02abb2e664f2ccdb53fa6d3f712e903d0d0da14276a69c6
  category: main
  optional: false
- name: fastjsonschema
  version: 2.21.1
  manager: pip
  platform: osx-arm64
  dependencies: {}
  url: https://files.pythonhosted.org/packages/90/2b/0817a2b257fe88725c25589d89aec060581aabf668707a8d03b2e9e0cb2a/fastjsonschema-2.21.1-py3-none-any.whl
  hash:
    sha256: c9e5b7e908310918cf494a434eeb31384dd84a98b57a30bcb1f535015b554667
  category: main
  optional: false
- name: filelock
  version: 3.18.0
  manager: pip
  platform: osx-arm64
  dependencies: {}
  url: https://files.pythonhosted.org/packages/4d/36/2a115987e2d8c300a974597416d9de88f2444426de9571f4b59b2cca3acc/filelock-3.18.0-py3-none-any.whl
  hash:
    sha256: c401f4f8377c4464e6db25fff06205fd89bdd83b65eb0488ed1b160f780e21de
  category: main
  optional: false
- name: gitdb
  version: 4.0.12
  manager: pip
  platform: osx-arm64
  dependencies:
    smmap: '>=3.0.1,<6'
  url: https://files.pythonhosted.org/packages/a0/61/5c78b91c3143ed5c14207f463aecfc8f9dbb5092fb2869baf37c273b2705/gitdb-4.0.12-py3-none-any.whl
  hash:
    sha256: 67073e15955400952c6565cc3e707c554a4eea2e428946f7a4c162fab9bd9bcf
  category: main
  optional: false
- name: gitpython
  version: 3.1.44
  manager: pip
  platform: osx-arm64
  dependencies:
    gitdb: '>=4.0.1,<5'
  url: https://files.pythonhosted.org/packages/1d/9a/4114a9057db2f1462d5c8f8390ab7383925fe1ac012eaa42402ad65c2963/GitPython-3.1.44-py3-none-any.whl
  hash:
    sha256: 9e0e10cda9bed1ee64bc9a6de50e7e38a9c9943241cd7f585f6df3ed28011110
  category: main
  optional: false
- name: idna
  version: '3.10'
  manager: pip
  platform: osx-arm64
  dependencies: {}
  url: https://files.pythonhosted.org/packages/76/c6/c88e154df9c4e1a2a66ccf0005a88dfb2650c1dffb6f5ce603dfbd452ce3/idna-3.10-py3-none-any.whl
  hash:
    sha256: 946d195a0d259cbba61165e88e65941f16e9b36ea6ddb97f00452bae8b1287d3
  category: main
  optional: false
- name: installer
  version: 0.7.0
  manager: pip
  platform: osx-arm64
  dependencies: {}
  url: https://files.pythonhosted.org/packages/e5/ca/1172b6638d52f2d6caa2dd262ec4c811ba59eee96d54a7701930726bce18/installer-0.7.0-py3-none-any.whl
  hash:
    sha256: 05d1933f0a5ba7d8d6296bb6d5018e7c94fa473ceb10cf198a92ccea19c27b53
  category: main
  optional: false
- name: jaraco-classes
  version: 3.4.0
  manager: pip
  platform: osx-arm64
  dependencies:
    more-itertools: '*'
  url: https://files.pythonhosted.org/packages/7f/66/b15ce62552d84bbfcec9a4873ab79d993a1dd4edb922cbfccae192bd5b5f/jaraco.classes-3.4.0-py3-none-any.whl
  hash:
    sha256: f662826b6bed8cace05e7ff873ce0f9283b5c924470fe664fff1c2f00f581790
  category: main
  optional: false
- name: jaraco-context
  version: 6.0.1
  manager: pip
  platform: osx-arm64
  dependencies: {}
  url: https://files.pythonhosted.org/packages/ff/db/0c52c4cf5e4bd9f5d7135ec7669a3a767af21b3a308e1ed3674881e52b62/jaraco.context-6.0.1-py3-none-any.whl
  hash:
    sha256: f797fc481b490edb305122c9181830a3a5b76d84ef6d1aef2fb9b47ab956f9e4
  category: main
  optional: false
- name: jaraco-functools
  version: 4.1.0
  manager: pip
  platform: osx-arm64
  dependencies:
    more-itertools: '*'
  url: https://files.pythonhosted.org/packages/9f/4f/24b319316142c44283d7540e76c7b5a6dbd5db623abd86bb7b3491c21018/jaraco.functools-4.1.0-py3-none-any.whl
  hash:
    sha256: ad159f13428bc4acbf5541ad6dec511f91573b90fba04df61dafa2a1231cf649
  category: main
  optional: false
- name: jinja2
  version: 3.1.6
  manager: pip
  platform: osx-arm64
  dependencies:
    markupsafe: '>=2.0'
  url: https://files.pythonhosted.org/packages/62/a1/3d680cbfd5f4b8f15abc1d571870c5fc3e594bb582bc3b64ea099db13e56/jinja2-3.1.6-py3-none-any.whl
  hash:
    sha256: 85ece4451f492d0c13c5dd7c13a64681a86afae63a5f347908daf103ce6d2f67
  category: main
  optional: false
- name: keyring
  version: 25.6.0
  manager: pip
  platform: osx-arm64
  dependencies:
    jaraco-classes: '*'
    jaraco-context: '*'
    jaraco-functools: '*'
  url: https://files.pythonhosted.org/packages/d3/32/da7f44bcb1105d3e88a0b74ebdca50c59121d2ddf71c9e34ba47df7f3a56/keyring-25.6.0-py3-none-any.whl
  hash:
    sha256: 552a3f7af126ece7ed5c89753650eec89c7eaae8617d0aa4d9ad2b75111266bd
  category: main
  optional: false
- name: markupsafe
  version: 3.0.2
  manager: pip
  platform: osx-arm64
  dependencies: {}
  url: https://files.pythonhosted.org/packages/6b/b0/18f76bba336fa5aecf79d45dcd6c806c280ec44538b3c13671d49099fdd0/MarkupSafe-3.0.2-cp312-cp312-macosx_11_0_arm64.whl
  hash:
    sha256: 846ade7b71e3536c4e56b386c2a47adf5741d2d8b94ec9dc3e92e5e1ee1e2225
  category: main
  optional: false
- name: more-itertools
  version: 10.6.0
  manager: pip
  platform: osx-arm64
  dependencies: {}
  url: https://files.pythonhosted.org/packages/23/62/0fe302c6d1be1c777cab0616e6302478251dfbf9055ad426f5d0def75c89/more_itertools-10.6.0-py3-none-any.whl
  hash:
    sha256: 6eb054cb4b6db1473f6e15fcc676a08e4732548acd47c708f0e179c2c7c01e89
  category: main
  optional: false
- name: msgpack
  version: 1.1.0
  manager: pip
  platform: osx-arm64
  dependencies: {}
  url: https://files.pythonhosted.org/packages/28/51/da7f3ae4462e8bb98af0d5bdf2707f1b8c65a0d4f496e46b6afb06cbc286/msgpack-1.1.0-cp312-cp312-macosx_11_0_arm64.whl
  hash:
    sha256: 58dfc47f8b102da61e8949708b3eafc3504509a5728f8b4ddef84bd9e16ad420
  category: main
  optional: false
- name: packaging
  version: '24.2'
  manager: pip
  platform: osx-arm64
  dependencies: {}
  url: https://files.pythonhosted.org/packages/88/ef/eb23f262cca3c0c4eb7ab1933c3b1f03d021f2c48f54763065b6f0e321be/packaging-24.2-py3-none-any.whl
  hash:
    sha256: 09abb1bccd265c01f4a3aa3f7a7db064b36514d2cba19a2f694fe6150451a759
  category: main
  optional: false
- name: pkginfo
  version: 1.12.1.2
  manager: pip
  platform: osx-arm64
  dependencies: {}
  url: https://files.pythonhosted.org/packages/fa/3d/f4f2ba829efb54b6cd2d91349c7463316a9cc55a43fc980447416c88540f/pkginfo-1.12.1.2-py3-none-any.whl
  hash:
    sha256: c783ac885519cab2c34927ccfa6bf64b5a704d7c69afaea583dd9b7afe969343
  category: main
  optional: false
- name: platformdirs
  version: 4.3.7
  manager: pip
  platform: osx-arm64
  dependencies: {}
  url: https://files.pythonhosted.org/packages/6d/45/59578566b3275b8fd9157885918fcd0c4d74162928a5310926887b856a51/platformdirs-4.3.7-py3-none-any.whl
  hash:
    sha256: a03875334331946f13c549dbd8f4bac7a13a50a895a0eb1e8c6a8ace80d40a94
  category: main
  optional: false
- name: pycparser
  version: '2.22'
  manager: pip
  platform: osx-arm64
  dependencies: {}
  url: https://files.pythonhosted.org/packages/13/a3/a812df4e2dd5696d1f351d58b8fe16a405b234ad2886a0dab9183fb78109/pycparser-2.22-py3-none-any.whl
  hash:
    sha256: c3702b6d3dd8c7abc1afa565d7e63d53a1d0bd86cdc24edd75470f4de499cfcc
  category: main
  optional: false
- name: pydantic
  version: 2.11.3
  manager: pip
  platform: osx-arm64
  dependencies:
    annotated-types: '>=0.6.0'
    pydantic-core: 2.33.1
    typing-extensions: '>=4.12.2'
    typing-inspection: '>=0.4.0'
  url: https://files.pythonhosted.org/packages/b0/1d/407b29780a289868ed696d1616f4aad49d6388e5a77f567dcd2629dcd7b8/pydantic-2.11.3-py3-none-any.whl
  hash:
    sha256: a082753436a07f9ba1289c6ffa01cd93db3548776088aa917cc43b63f68fa60f
  category: main
  optional: false
- name: pydantic-core
  version: 2.33.1
  manager: pip
  platform: osx-arm64
  dependencies:
    typing-extensions: '>=4.6.0,<4.7.0 || >4.7.0'
  url: https://files.pythonhosted.org/packages/19/78/f381d643b12378fee782a72126ec5d793081ef03791c28a0fd542a5bee64/pydantic_core-2.33.1-cp312-cp312-macosx_11_0_arm64.whl
  hash:
    sha256: 99b56acd433386c8f20be5c4000786d1e7ca0523c8eefc995d14d79c7a081498
  category: main
  optional: false
- name: pyproject-hooks
  version: 1.2.0
  manager: pip
  platform: osx-arm64
  dependencies: {}
  url: https://files.pythonhosted.org/packages/bd/24/12818598c362d7f300f18e74db45963dbcb85150324092410c8b49405e42/pyproject_hooks-1.2.0-py3-none-any.whl
  hash:
    sha256: 9e5c6bfa8dcc30091c74b0cf803c81fdd29d94f01992a7707bc97babb1141913
  category: main
  optional: false
- name: pyyaml
  version: 6.0.2
  manager: pip
  platform: osx-arm64
  dependencies: {}
  url: https://files.pythonhosted.org/packages/a8/0c/38374f5bb272c051e2a69281d71cba6fdb983413e6758b84482905e29a5d/PyYAML-6.0.2-cp312-cp312-macosx_11_0_arm64.whl
  hash:
    sha256: ce826d6ef20b1bc864f0a68340c8b3287705cae2f8b4b1d932177dcc76721725
  category: main
  optional: false
- name: requests
  version: 2.32.3
  manager: pip
  platform: osx-arm64
  dependencies:
    certifi: '>=2017.4.17'
    charset-normalizer: '>=2,<4'
    idna: '>=2.5,<4'
    urllib3: '>=1.21.1,<3'
  url: https://files.pythonhosted.org/packages/f9/9b/335f9764261e915ed497fcdeb11df5dfd6f7bf257d4a6a2a686d80da4d54/requests-2.32.3-py3-none-any.whl
  hash:
    sha256: 70761cfe03c773ceb22aa2f671b4757976145175cdfca038c02654d061d6dcc6
  category: main
  optional: false
- name: requests-toolbelt
  version: 1.0.0
  manager: pip
  platform: osx-arm64
  dependencies:
    requests: '>=2.0.1,<3.0.0'
  url: https://files.pythonhosted.org/packages/3f/51/d4db610ef29373b879047326cbf6fa98b6c1969d6f6dc423279de2b1be2c/requests_toolbelt-1.0.0-py2.py3-none-any.whl
  hash:
    sha256: cccfdd665f0a24fcf4726e690f65639d272bb0637b9b92dfd91a5568ccf6bd06
  category: main
  optional: false
- name: ruamel-yaml
  version: 0.18.10
  manager: pip
  platform: osx-arm64
  dependencies:
    ruamel-yaml-clib: '>=0.2.7'
  url: https://files.pythonhosted.org/packages/c2/36/dfc1ebc0081e6d39924a2cc53654497f967a084a436bb64402dfce4254d9/ruamel.yaml-0.18.10-py3-none-any.whl
  hash:
    sha256: 30f22513ab2301b3d2b577adc121c6471f28734d3d9728581245f1e76468b4f1
  category: main
  optional: false
- name: ruamel-yaml-clib
  version: 0.2.12
  manager: pip
  platform: osx-arm64
  dependencies: {}
  url: https://files.pythonhosted.org/packages/20/84/80203abff8ea4993a87d823a5f632e4d92831ef75d404c9fc78d0176d2b5/ruamel.yaml.clib-0.2.12.tar.gz
  hash:
    sha256: 6c8fbb13ec503f99a91901ab46e0b07ae7941cd527393187039aec586fdfd36f
  category: main
  optional: false
- name: semver
  version: 3.0.4
  manager: pip
  platform: osx-arm64
  dependencies: {}
  url: https://files.pythonhosted.org/packages/a6/24/4d91e05817e92e3a61c8a21e08fd0f390f5301f1c448b137c57c4bc6e543/semver-3.0.4-py3-none-any.whl
  hash:
    sha256: 9c824d87ba7f7ab4a1890799cec8596f15c1241cb473404ea1cb0c55e4b04746
  category: main
  optional: false
- name: shellingham
  version: 1.5.4
  manager: pip
  platform: osx-arm64
  dependencies: {}
  url: https://files.pythonhosted.org/packages/e0/f9/0595336914c5619e5f28a1fb793285925a8cd4b432c9da0a987836c7f822/shellingham-1.5.4-py2.py3-none-any.whl
  hash:
    sha256: 7ecfff8f2fd72616f7481040475a65b2bf8af90a56c89140852d1120324e8686
  category: main
  optional: false
- name: smmap
  version: 5.0.2
  manager: pip
  platform: osx-arm64
  dependencies: {}
  url: https://files.pythonhosted.org/packages/04/be/d09147ad1ec7934636ad912901c5fd7667e1c858e19d355237db0d0cd5e4/smmap-5.0.2-py3-none-any.whl
  hash:
    sha256: b30115f0def7d7531d22a0fb6502488d879e75b260a9db4d0819cfb25403af5e
  category: main
  optional: false
- name: tomlkit
  version: 0.13.2
  manager: pip
  platform: osx-arm64
  dependencies: {}
  url: https://files.pythonhosted.org/packages/f9/b6/a447b5e4ec71e13871be01ba81f5dfc9d0af7e473da256ff46bc0e24026f/tomlkit-0.13.2-py3-none-any.whl
  hash:
    sha256: 7a974427f6e119197f670fbbbeae7bef749a6c14e793db934baefc1b5f03efde
  category: main
  optional: false
- name: trove-classifiers
  version: 2025.4.11.15
  manager: pip
  platform: osx-arm64
  dependencies: {}
  url: https://files.pythonhosted.org/packages/70/7d/a2271b98b833680561ab3fcd60ab682478dc4f7cc023fab24991601ac8ac/trove_classifiers-2025.4.11.15-py3-none-any.whl
  hash:
    sha256: e7d98983f004df35293caf954bdfe944b139eb402677a97115450e320f0bd855
  category: main
  optional: false
- name: typing-extensions
  version: 4.13.2
  manager: pip
  platform: osx-arm64
  dependencies: {}
  url: https://files.pythonhosted.org/packages/8b/54/b1ae86c0973cc6f0210b53d508ca3641fb6d0c56823f288d108bc7ab3cc8/typing_extensions-4.13.2-py3-none-any.whl
  hash:
    sha256: a439e7c04b49fec3e5d3e2beaa21755cadbbdc391694e28ccdd36ca4a1408f8c
  category: main
  optional: false
- name: typing-inspection
  version: 0.4.0
  manager: pip
  platform: osx-arm64
  dependencies:
    typing-extensions: '>=4.12.0'
  url: https://files.pythonhosted.org/packages/31/08/aa4fdfb71f7de5176385bd9e90852eaf6b5d622735020ad600f2bab54385/typing_inspection-0.4.0-py3-none-any.whl
  hash:
    sha256: 50e72559fcd2a6367a19f7a7e610e6afcb9fac940c650290eed893d61386832f
  category: main
  optional: false
- name: urllib3
  version: 2.4.0
  manager: pip
  platform: osx-arm64
  dependencies: {}
  url: https://files.pythonhosted.org/packages/6b/11/cc635220681e93a0183390e26485430ca2c7b5f9d33b15c74c2861cb8091/urllib3-2.4.0-py3-none-any.whl
  hash:
    sha256: 4e16665048960a0900c702d4a66415956a584919c03361cac9f1df5c5dd7e813
  category: main
  optional: false
- name: virtualenv
  version: 20.30.0
  manager: pip
  platform: osx-arm64
  dependencies:
    distlib: '>=0.3.7,<1'
    filelock: '>=3.12.2,<4'
    platformdirs: '>=3.9.1,<5'
  url: https://files.pythonhosted.org/packages/4c/ed/3cfeb48175f0671ec430ede81f628f9fb2b1084c9064ca67ebe8c0ed6a05/virtualenv-20.30.0-py3-none-any.whl
  hash:
    sha256: e34302959180fca3af42d1800df014b35019490b119eba981af27f2fa486e5d6
  category: main
  optional: false
- name: xattr
  version: 1.1.4
  manager: pip
  platform: osx-arm64
  dependencies:
    cffi: '>=1.16.0'
  url: https://files.pythonhosted.org/packages/8b/83/a81a147987387fd2841a28f767efedb099cf90e23553ead458f2330e47c5/xattr-1.1.4-cp312-cp312-macosx_11_0_arm64.whl
  hash:
    sha256: 608b2877526674eb15df4150ef4b70b7b292ae00e65aecaae2f192af224be200
  category: main
  optional: false
- name: zstandard
  version: 0.23.0
  manager: pip
  platform: osx-arm64
  dependencies:
    cffi: '>=1.11'
  url: https://files.pythonhosted.org/packages/5b/b3/1a028f6750fd9227ee0b937a278a434ab7f7fdc3066c3173f64366fe2466/zstandard-0.23.0-cp312-cp312-macosx_11_0_arm64.whl
  hash:
    sha256: 1e172f57cd78c20f13a3415cc8dfe24bf388614324d25539146594c16d78fcc8
  category: main
  optional: false
