# Generated by conda-lock.
# platform: linux-64
# input_hash: dfa3628a4fd72945fc4d6983275d66c6adffe421d6d656a0fde17904683c6cf4
@EXPLICIT
https://conda.anaconda.org/conda-forge/linux-64/ca-certificates-2025.1.31-hbcca054_0.conda#19f3a56f68d2fd06c516076bff482c52
https://conda.anaconda.org/nvidia/linux-64/cuda-cudart-11.8.89-0.tar.bz2#b68c7ef3eda01e95d5903fb508c5e440
https://conda.anaconda.org/nvidia/linux-64/cuda-cupti-11.8.87-0.tar.bz2#2f4b4933285400137cf029fef9a7daa6
https://conda.anaconda.org/nvidia/linux-64/cuda-nvrtc-11.8.89-0.tar.bz2#f4af75ee32661708c979630cdb8f4987
https://conda.anaconda.org/nvidia/linux-64/cuda-nvtx-11.8.86-0.tar.bz2#1825ffc3feb608f2752073935e90bb49
https://conda.anaconda.org/nvidia/noarch/cuda-version-12.8-3.conda#c4a0e656851b1a8a5ec8f7a407d0204c
https://conda.anaconda.org/conda-forge/noarch/font-ttf-dejavu-sans-mono-2.37-hab24e00_0.tar.bz2#0c96522c6bdaed4b1566d11387caaf45
https://conda.anaconda.org/conda-forge/noarch/font-ttf-inconsolata-3.000-h77eed37_0.tar.bz2#34893075a5c9e55cdafac56607368fc6
https://conda.anaconda.org/conda-forge/noarch/font-ttf-source-code-pro-2.038-h77eed37_0.tar.bz2#4d59c254e01d9cde7957100457e2d5fb
https://conda.anaconda.org/conda-forge/noarch/font-ttf-ubuntu-0.83-h77eed37_3.conda#49023d73832ef61042f6a237cb2687e7
https://conda.anaconda.org/nvidia/linux-64/libcublas-11.11.3.6-0.tar.bz2#7700a48c99151d2b77e7838aa0852da9
https://conda.anaconda.org/nvidia/linux-64/libcufft-10.9.0.58-0.tar.bz2#dbb21687334ce5f8e6a233cb18ee406b
https://conda.anaconda.org/nvidia/linux-64/libcusolver-11.4.1.48-0.tar.bz2#a497123295be4e0bd221da5bf215f8b8
https://conda.anaconda.org/nvidia/linux-64/libcusparse-11.7.5.86-0.tar.bz2#853c37fabd07b5b91d3007afc82c3ed4
https://conda.anaconda.org/nvidia/linux-64/libnpp-11.8.0.86-0.tar.bz2#03822c4b5dae5988ba9dcb7eae837345
https://conda.anaconda.org/nvidia/linux-64/libnvjpeg-11.9.0.86-0.tar.bz2#e42d6f0f20feb0cba0165d5cae33362f
https://conda.anaconda.org/conda-forge/linux-64/python_abi-3.12-6_cp312.conda#95bd67b1113859774c30418e8481f9d8
https://conda.anaconda.org/pytorch/noarch/pytorch-mutex-1.0-cuda.tar.bz2#a948316e36fb5b11223b3fcfa93f8358
https://conda.anaconda.org/conda-forge/noarch/tzdata-2025b-h78e105d_0.conda#4222072737ccff51314b5ece9c7d6f5a
https://conda.anaconda.org/conda-forge/noarch/wayland-protocols-1.43-hd8ed1ab_0.conda#15be7b62f44e0b7f18db7af4eded345d
https://conda.anaconda.org/conda-forge/noarch/fonts-conda-forge-1-0.tar.bz2#f766549260d6815b0c52253f1fb1bb29
https://conda.anaconda.org/conda-forge/linux-64/ld_impl_linux-64-2.43-h712a8e2_4.conda#01f8d123c96816249efd255a31ad7712
https://conda.anaconda.org/conda-forge/linux-64/libglvnd-1.7.0-ha4b6fd6_2.conda#434ca7e50e40f4918ab701e3facd59a0
https://conda.anaconda.org/conda-forge/noarch/fonts-conda-ecosystem-1-0.tar.bz2#fee5683a3f04bd15cbd8318b096a27ab
https://conda.anaconda.org/conda-forge/linux-64/libegl-1.7.0-ha4b6fd6_2.conda#c151d5eb730e9b7480e6d48c0fc44048
https://conda.anaconda.org/conda-forge/linux-64/libopengl-1.7.0-ha4b6fd6_2.conda#7df50d44d4a14d6c31a2c54f2cd92157
https://conda.anaconda.org/conda-forge/linux-64/_openmp_mutex-4.5-3_kmp_llvm.conda#ee5c2118262e30b972bc0b4db8ef0ba5
https://conda.anaconda.org/conda-forge/linux-64/libgcc-14.2.0-h767d61c_2.conda#ef504d1acbd74b7cc6849ef8af47dd03
https://conda.anaconda.org/conda-forge/linux-64/alsa-lib-1.2.14-hb9d3cd8_0.conda#76df83c2a9035c54df5d04ff81bcc02d
https://conda.anaconda.org/conda-forge/linux-64/c-ares-1.34.5-hb9d3cd8_0.conda#f7f0d6cc2dc986d42ac2689ec88192be
https://conda.anaconda.org/conda-forge/linux-64/json-c-0.18-h6688a6e_0.conda#38f5dbc9ac808e31c00650f7be1db93f
https://conda.anaconda.org/conda-forge/linux-64/libbrotlicommon-1.1.0-hb9d3cd8_2.conda#41b599ed2b02abcfdd84302bff174b23
https://conda.anaconda.org/conda-forge/linux-64/libdeflate-1.23-h4ddbbb0_0.conda#8dfae1d2e74767e9ce36d5fa0d8605db
https://conda.anaconda.org/conda-forge/linux-64/libexpat-2.7.0-h5888daf_0.conda#db0bfbe7dd197b68ad5f30333bae6ce0
https://conda.anaconda.org/conda-forge/linux-64/libffi-3.4.6-h2dba641_1.conda#ede4673863426c0883c0063d853bbd85
https://conda.anaconda.org/conda-forge/linux-64/libgcc-ng-14.2.0-h69a702a_2.conda#a2222a6ada71fb478682efe483ce0f92
https://conda.anaconda.org/conda-forge/linux-64/libgettextpo-0.23.1-h5888daf_0.conda#a09ce5decdef385bcce78c32809fa794
https://conda.anaconda.org/conda-forge/linux-64/libgfortran5-14.2.0-hf1ad2bd_2.conda#556a4fdfac7287d349b8f09aba899693
https://conda.anaconda.org/conda-forge/linux-64/libiconv-1.18-h4ce23a2_1.conda#e796ff8ddc598affdf7c173d6145f087
https://conda.anaconda.org/conda-forge/linux-64/liblzma-5.8.1-hb9d3cd8_0.conda#0e87378639676987af32fee53ba32258
https://conda.anaconda.org/conda-forge/linux-64/libntlm-1.8-hb9d3cd8_0.conda#7c7927b404672409d9917d49bff5f2d6
https://conda.anaconda.org/conda-forge/linux-64/libstdcxx-14.2.0-h8f9b012_2.conda#a78c856b6dc6bf4ea8daeb9beaaa3fb0
https://conda.anaconda.org/conda-forge/linux-64/libtasn1-4.20.0-hb9d3cd8_0.conda#942cd32b349ec84fb3879955fa68f994
https://conda.anaconda.org/conda-forge/linux-64/libwebp-base-1.5.0-h851e524_0.conda#63f790534398730f59e1b899c3644d4a
https://conda.anaconda.org/conda-forge/linux-64/libzlib-1.3.1-hb9d3cd8_2.conda#edb0dca6bc32e4f4789199455a1dbeb8
https://conda.anaconda.org/conda-forge/linux-64/ncurses-6.5-h2d0b736_3.conda#47e340acb35de30501a76c7c799c41d7
https://conda.anaconda.org/conda-forge/linux-64/openssl-3.5.0-h7b32b05_0.conda#bb539841f2a3fde210f387d00ed4bb9d
https://conda.anaconda.org/conda-forge/linux-64/pthread-stubs-0.4-hb9d3cd8_1002.conda#b3c17d95b5a10c6e64a21fa17573e70e
https://conda.anaconda.org/conda-forge/linux-64/xorg-libice-1.1.2-hb9d3cd8_0.conda#fb901ff28063514abb6046c9ec2c4a45
https://conda.anaconda.org/conda-forge/linux-64/xorg-libxau-1.0.12-hb9d3cd8_0.conda#f6ebe2cb3f82ba6c057dde5d9debe4f7
https://conda.anaconda.org/conda-forge/linux-64/xorg-libxdmcp-1.1.5-hb9d3cd8_0.conda#8035c64cb77ed555e3f150b7b3972480
https://conda.anaconda.org/conda-forge/linux-64/bzip2-1.0.8-h4bc722e_7.conda#62ee74e96c5ebb0af99386de58cf9553
https://conda.anaconda.org/conda-forge/linux-64/double-conversion-3.3.1-h5888daf_0.conda#bfd56492d8346d669010eccafe0ba058
https://conda.anaconda.org/conda-forge/linux-64/expat-2.7.0-h5888daf_0.conda#d6845ae4dea52a2f90178bf1829a21f8
https://conda.anaconda.org/conda-forge/linux-64/geos-3.13.1-h97f6797_0.conda#5bc18c66111bc94532b0d2df00731c66
https://conda.anaconda.org/conda-forge/linux-64/giflib-5.2.2-hd590300_0.conda#3bf7b9fd5a7136126e0234db4b87c8b6
https://conda.anaconda.org/conda-forge/linux-64/keyutils-1.6.1-h166bdaf_0.tar.bz2#30186d27e2c9fa62b45fb1476b7200e3
https://conda.anaconda.org/conda-forge/linux-64/lame-3.100-h166bdaf_1003.tar.bz2#a8832b479f93521a9e7b5b743803be51
https://conda.anaconda.org/conda-forge/linux-64/libabseil-20250127.1-cxx17_hbbce691_0.conda#00290e549c5c8a32cc271020acc9ec6b
https://conda.anaconda.org/conda-forge/linux-64/libasprintf-0.23.1-h8e693c7_0.conda#988f4937281a66ca19d1adb3b5e3f859
https://conda.anaconda.org/conda-forge/linux-64/libbrotlidec-1.1.0-hb9d3cd8_2.conda#9566f0bd264fbd463002e759b8a82401
https://conda.anaconda.org/conda-forge/linux-64/libbrotlienc-1.1.0-hb9d3cd8_2.conda#06f70867945ea6a84d35836af780f1de
https://conda.anaconda.org/conda-forge/linux-64/libedit-3.1.20250104-pl5321h7949ede_0.conda#c277e0a4d549b03ac1e9d6cbbe3d017b
https://conda.anaconda.org/conda-forge/linux-64/libev-4.33-hd590300_2.conda#172bf1cd1ff8629f2b1179945ed45055
https://conda.anaconda.org/conda-forge/linux-64/libgfortran-14.2.0-h69a702a_2.conda#fb54c4ea68b460c278d26eea89cfbcc3
https://conda.anaconda.org/conda-forge/linux-64/libjpeg-turbo-3.0.0-hd590300_1.conda#ea25936bb4080d843790b586850f82b8
https://conda.anaconda.org/conda-forge/linux-64/liblzma-devel-5.8.1-hb9d3cd8_0.conda#8f456db836b4d3d00d3b6a6cc47009d8
https://conda.anaconda.org/conda-forge/linux-64/libnsl-2.0.1-hd590300_0.conda#30fd6e37fe21f86f4bd26d6ee73eeec7
https://conda.anaconda.org/conda-forge/linux-64/libpciaccess-0.18-hd590300_0.conda#48f4330bfcd959c3cfb704d424903c82
https://conda.anaconda.org/conda-forge/linux-64/libpng-1.6.47-h943b412_0.conda#55199e2ae2c3651f6f9b2a447b47bdc9
https://conda.anaconda.org/conda-forge/linux-64/libsodium-1.0.20-h4ab18f5_0.conda#a587892d3c13b6621a6091be690dbca2
https://conda.anaconda.org/conda-forge/linux-64/libsqlite-3.49.1-hee588c1_2.conda#962d6ac93c30b1dfc54c9cccafd1003e
https://conda.anaconda.org/conda-forge/linux-64/libssh2-1.11.1-hf672d98_0.conda#be2de152d8073ef1c01b7728475f2fe7
https://conda.anaconda.org/conda-forge/linux-64/libstdcxx-ng-14.2.0-h4852527_2.conda#c75da67f045c2627f59e6fcb5f4e3a9b
https://conda.anaconda.org/conda-forge/linux-64/libunistring-0.9.10-h7f98852_0.tar.bz2#7245a044b4a1980ed83196176b78b73a
https://conda.anaconda.org/conda-forge/linux-64/libuuid-2.38.1-h0b41bf4_0.conda#40b61aab5c7ba9ff276c41cfffe6b80b
https://conda.anaconda.org/conda-forge/linux-64/libxcb-1.17.0-h8a09558_0.conda#92ed62436b625154323d40d5f2f11dd7
https://conda.anaconda.org/conda-forge/linux-64/libxcrypt-4.4.36-hd590300_1.conda#5aa797f8787fe7a17d1b0821485b5adc
https://conda.anaconda.org/conda-forge/linux-64/llvm-openmp-15.0.7-h0cdce71_0.conda#589c9a3575a050b583241c3d688ad9aa
https://conda.anaconda.org/conda-forge/linux-64/lz4-c-1.10.0-h5888daf_1.conda#9de5350a85c4a20c685259b889aa6393
https://conda.anaconda.org/conda-forge/linux-64/lzo-2.10-hd590300_1001.conda#ec7398d21e2651e0dcb0044d03b9a339
https://conda.anaconda.org/conda-forge/linux-64/mysql-common-9.2.0-h266115a_0.conda#db22a0962c953e81a2a679ecb1fc6027
https://conda.anaconda.org/conda-forge/linux-64/nettle-3.9.1-h7ab15ed_0.conda#2bf1915cc107738811368afcb0993a59
https://conda.anaconda.org/conda-forge/linux-64/p11-kit-0.24.1-hc5aa10d_0.tar.bz2#56ee94e34b71742bbdfa832c974e47a8
https://conda.anaconda.org/conda-forge/linux-64/pixman-0.44.2-h29eaf8c_0.conda#5e2a7acfa2c24188af39e7944e1b3604
https://conda.anaconda.org/conda-forge/linux-64/readline-8.2-h8c095d6_2.conda#283b96675859b20a825f8fa30f311446
https://conda.anaconda.org/conda-forge/linux-64/snappy-1.2.1-h8bd8927_1.conda#3b3e64af585eadfb52bb90b553db5edf
https://conda.anaconda.org/conda-forge/linux-64/tk-8.6.13-noxft_h4845f30_101.conda#d453b98d9c83e71da0741bb0ff4d76bc
https://conda.anaconda.org/conda-forge/linux-64/x264-1!164.3095-h166bdaf_2.tar.bz2#6c99772d483f566d59e25037fea2c4b1
https://conda.anaconda.org/conda-forge/linux-64/xz-gpl-tools-5.8.1-hbcc6ac9_0.conda#9177ea2e6886b8070012e1d68531ab2f
https://conda.anaconda.org/conda-forge/linux-64/xz-tools-5.8.1-hb9d3cd8_0.conda#908d29a6cfd9e9a78d07012f5d1a8707
https://conda.anaconda.org/conda-forge/linux-64/yaml-0.2.5-h7f98852_2.tar.bz2#4cb3ad778ec2d5a7acbdf254eb1c42ae
https://conda.anaconda.org/conda-forge/linux-64/zlib-1.3.1-hb9d3cd8_2.conda#c9f075ab2f33b3bbee9e62d4ad0a6cd8
https://conda.anaconda.org/conda-forge/linux-64/zstd-1.5.7-hb8e6e7a_2.conda#6432cb5d4ac0046c3ac0a8a0f95842f9
https://conda.anaconda.org/conda-forge/linux-64/aom-3.6.1-h59595ed_0.conda#8457db6d1175ee86c8e077f6ac60ff55
https://conda.anaconda.org/conda-forge/linux-64/blosc-1.21.6-he440d0b_1.conda#2c2fae981fd2afd00812c92ac47d023d
https://conda.anaconda.org/conda-forge/linux-64/brotli-bin-1.1.0-hb9d3cd8_2.conda#c63b5e52939e795ba8d26e35d767a843
https://conda.anaconda.org/conda-forge/linux-64/freetype-2.13.3-h48d6fc4_0.conda#9ecfd6f2ca17077dd9c2d24770bb9ccd
https://conda.anaconda.org/conda-forge/linux-64/gmp-6.3.0-hac33072_2.conda#c94a5994ef49749880a8139cf9afcbe1
https://conda.anaconda.org/conda-forge/linux-64/graphite2-1.3.13-h59595ed_1003.conda#f87c7b7c2cb45f323ffbce941c78ab7c
https://conda.anaconda.org/conda-forge/linux-64/icu-75.1-he02047a_0.conda#8b189310083baabfb622af68fd9d3ae3
https://conda.anaconda.org/conda-forge/linux-64/krb5-1.21.3-h659f571_0.conda#3f43953b7d3fb3aaa1d0d0723d91e368
https://conda.anaconda.org/conda-forge/linux-64/lerc-4.0.0-h27087fc_0.tar.bz2#76bbff344f0134279f225174e9064c8f
https://conda.anaconda.org/nvidia/linux-64/libcufile-1.13.1.3-0.conda#b4acfac0c47ab5c614f152ada50f889d
https://conda.anaconda.org/nvidia/linux-64/libcurand-10.3.9.90-0.conda#e2cd451c5d14344f5e19660e895d5665
https://conda.anaconda.org/conda-forge/linux-64/libdrm-2.4.124-hb9d3cd8_0.conda#8bc89311041d7fcb510238cf0848ccae
https://conda.anaconda.org/conda-forge/linux-64/libidn2-2.3.8-ha4ef2c3_0.conda#e155d7130e134619e41dc21276ed6ab5
https://conda.anaconda.org/conda-forge/linux-64/libnghttp2-1.64.0-h161d5f1_0.conda#19e57602824042dfd0446292ef90488b
https://conda.anaconda.org/conda-forge/linux-64/libprotobuf-5.29.3-h501fc15_0.conda#452518a9744fbac05fb45531979bdf29
https://conda.anaconda.org/conda-forge/linux-64/libre2-11-2024.07.02-hba17884_3.conda#545e93a513c10603327c76c15485e946
https://conda.anaconda.org/conda-forge/linux-64/librttopo-1.1.0-hd718a1a_18.conda#4f40dea96ff9935e7bd48893c24891b9
https://conda.anaconda.org/conda-forge/linux-64/libvpx-1.13.1-h59595ed_0.conda#0974a6d3432e10bae02bcab0cce1b308
https://conda.anaconda.org/conda-forge/linux-64/minizip-4.0.9-h05a5f5f_0.conda#d031ed0497634655765d636329bb4c20
https://conda.anaconda.org/conda-forge/linux-64/mysql-libs-9.2.0-he0572af_0.conda#93340b072c393d23c4700a1d40565dca
https://conda.anaconda.org/conda-forge/linux-64/openh264-2.3.1-hcb278e6_2.conda#37d01894f256b2a6921c5a218f42f8a2
https://conda.anaconda.org/conda-forge/linux-64/pcre2-10.44-hba22ea6_2.conda#df359c09c41cd186fffb93a2d87aa6f5
https://conda.anaconda.org/conda-forge/linux-64/qhull-2020.2-h434a139_5.conda#353823361b1d27eb3960efb076dfcaf6
https://conda.anaconda.org/conda-forge/linux-64/sqlite-3.49.1-h9eae976_2.conda#1894a9d3a8c3ffa53f8ca09fcd2fac25
https://conda.anaconda.org/conda-forge/linux-64/svt-av1-1.4.1-hcb278e6_0.conda#2b32b8a10fa6ec9c18c897c4527720dc
https://conda.anaconda.org/conda-forge/linux-64/uriparser-0.9.8-hac33072_0.conda#d71d3a66528853c0a1ac2c02d79a0284
https://conda.anaconda.org/conda-forge/linux-64/wayland-1.23.1-h3e06ad9_0.conda#0a732427643ae5e0486a727927791da1
https://conda.anaconda.org/conda-forge/linux-64/x265-3.5-h924138e_3.tar.bz2#e7f6ed84d4623d52ee581325c1587a6b
https://conda.anaconda.org/conda-forge/linux-64/xcb-util-0.4.1-hb711507_2.conda#8637c3e5821654d0edf97e2b0404b443
https://conda.anaconda.org/conda-forge/linux-64/xcb-util-keysyms-0.4.1-hb711507_0.conda#ad748ccca349aec3e91743e08b5e2b50
https://conda.anaconda.org/conda-forge/linux-64/xcb-util-renderutil-0.3.10-hb711507_0.conda#0e0cbe0564d03a99afd5fd7b362feecd
https://conda.anaconda.org/conda-forge/linux-64/xcb-util-wm-0.4.2-hb711507_0.conda#608e0ef8256b81d04456e8d211eee3e8
https://conda.anaconda.org/conda-forge/linux-64/xorg-libsm-1.2.6-he73a12e_0.conda#1c74ff8c35dcadf952a16f752ca5aa49
https://conda.anaconda.org/conda-forge/linux-64/xorg-libx11-1.8.12-h4f16b4b_0.conda#db038ce880f100acc74dba10302b5630
https://conda.anaconda.org/conda-forge/linux-64/xz-5.8.1-hbcc6ac9_0.conda#c9880133bf4750a4c848f8d2c78d498c
https://conda.anaconda.org/conda-forge/linux-64/brotli-1.1.0-hb9d3cd8_2.conda#98514fe74548d768907ce7a13f680e8f
https://conda.anaconda.org/nvidia/linux-64/cuda-libraries-11.8.0-0.tar.bz2#3a43d100104e52ac8209a834c82ab231
https://conda.anaconda.org/conda-forge/linux-64/cyrus-sasl-2.1.27-h54b06d7_7.conda#dce22f70b4e5a407ce88f2be046f4ceb
https://conda.anaconda.org/conda-forge/linux-64/fontconfig-2.15.0-h7e30c49_1.conda#8f5b0b297b59e1ac160ad4beec99dbee
https://conda.anaconda.org/conda-forge/linux-64/freexl-2.0.0-h9dce30a_2.conda#ecb5d11305b8ba1801543002e69d2f2f
https://conda.anaconda.org/conda-forge/linux-64/gnutls-3.7.9-hb077bed_0.conda#33eded89024f21659b1975886a4acf70
https://conda.anaconda.org/conda-forge/linux-64/libcups-2.3.3-h4637d8d_4.conda#d4529f4dff3057982a7617c7ac58fde3
https://conda.anaconda.org/conda-forge/linux-64/libcurl-8.13.0-h332b0f4_0.conda#cbdc92ac0d93fe3c796e36ad65c7905c
https://conda.anaconda.org/conda-forge/linux-64/libglib-2.84.1-h2ff4ddf_0.conda#0305434da649d4fb48a425e588b79ea6
https://conda.anaconda.org/conda-forge/linux-64/libglx-1.7.0-ha4b6fd6_2.conda#c8013e438185f33b13814c5c488acd5c
https://conda.anaconda.org/conda-forge/linux-64/libkml-1.3.0-hf539b9f_1021.conda#e8c7620cc49de0c6a2349b6dd6e39beb
https://conda.anaconda.org/conda-forge/linux-64/libtiff-4.7.0-hd9ff511_3.conda#0ea6510969e1296cc19966fad481f6de
https://conda.anaconda.org/conda-forge/linux-64/libxml2-2.13.7-h4bc477f_1.conda#ad1f1f8238834cd3c88ceeaee8da444a
https://conda.anaconda.org/conda-forge/linux-64/mpfr-4.2.1-h90cbb55_3.conda#2eeb50cab6652538eee8fc0bc3340c81
https://conda.anaconda.org/conda-forge/linux-64/python-3.12.3-hab00c5b_0_cpython.conda#2540b74d304f71d3e89c81209db4db84
https://conda.anaconda.org/conda-forge/linux-64/re2-2024.07.02-h9925aae_3.conda#6f445fb139c356f903746b2b91bbe786
https://conda.anaconda.org/conda-forge/linux-64/xcb-util-image-0.4.0-hb711507_2.conda#a0901183f08b6c7107aab109733a3c91
https://conda.anaconda.org/conda-forge/linux-64/xerces-c-3.2.5-h988505b_2.conda#9dda9667feba914e0e80b95b82f7402b
https://conda.anaconda.org/conda-forge/linux-64/xkeyboard-config-2.43-hb9d3cd8_0.conda#f725c7425d6d7c15e31f3b99a88ea02f
https://conda.anaconda.org/conda-forge/linux-64/xorg-libxext-1.3.6-hb9d3cd8_0.conda#febbab7d15033c913d53c7a2c102309d
https://conda.anaconda.org/conda-forge/linux-64/xorg-libxfixes-6.0.1-hb9d3cd8_0.conda#4bdb303603e9821baf5fe5fdff1dc8f8
https://conda.anaconda.org/conda-forge/linux-64/xorg-libxrender-0.9.12-hb9d3cd8_0.conda#96d57aba173e878a2089d5638016dc5e
https://conda.anaconda.org/conda-forge/linux-64/zeromq-4.3.5-h3b0a872_7.conda#3947a35e916fcc6b9825449affbf4214
https://conda.anaconda.org/conda-forge/noarch/absl-py-2.2.0-pyhd8ed1ab_0.conda#107112a92cba7895f10a4c246c1770a1
https://conda.anaconda.org/conda-forge/noarch/affine-2.4.0-pyhd8ed1ab_1.conda#8c4061f499edec6b8ac7000f6d586829
https://conda.anaconda.org/conda-forge/noarch/asttokens-3.0.0-pyhd8ed1ab_1.conda#8f587de4bcf981e26228f268df374a9b
https://conda.anaconda.org/conda-forge/noarch/attrs-25.3.0-pyh71513ae_0.conda#a10d11958cadc13fdb43df75f8b1903f
https://conda.anaconda.org/conda-forge/linux-64/brotli-python-1.1.0-py312h2ec8cdc_2.conda#b0b867af6fc74b2a0aa206da29c0f3cf
https://conda.anaconda.org/conda-forge/noarch/cached_property-1.5.2-pyha770c72_1.tar.bz2#576d629e47797577ab0f1b351297ef4a
https://conda.anaconda.org/conda-forge/linux-64/cairo-1.18.4-h3394656_0.conda#09262e66b19567aff4f592fb53b28760
https://conda.anaconda.org/conda-forge/noarch/certifi-2025.1.31-pyhd8ed1ab_0.conda#c207fa5ac7ea99b149344385a9c0880d
https://conda.anaconda.org/conda-forge/noarch/charset-normalizer-3.4.1-pyhd8ed1ab_0.conda#e83a31202d1c0a000fce3e9cf3825875
https://conda.anaconda.org/conda-forge/noarch/click-8.1.8-pyh707e725_0.conda#f22f4d4970e09d68a10b922cbb0408d3
https://conda.anaconda.org/conda-forge/noarch/colorama-0.4.6-pyhd8ed1ab_1.conda#962b9857ee8e7018c22f2776ffa0b2d7
https://conda.anaconda.org/conda-forge/noarch/cpython-3.12.10-py312hd8ed1ab_0.conda#7584a4b1e802afa25c89c0dcc72d0826
https://conda.anaconda.org/nvidia/linux-64/cuda-runtime-11.8.0-0.tar.bz2#3ca379d762f8d7bd727df9e2c9b30664
https://conda.anaconda.org/conda-forge/noarch/cycler-0.12.1-pyhd8ed1ab_1.conda#44600c4667a319d67dbe0681fc0bc833
https://conda.anaconda.org/conda-forge/linux-64/dbus-1.13.6-h5008d03_3.tar.bz2#ecfff944ba3960ecb334b9a2663d708d
https://conda.anaconda.org/conda-forge/linux-64/debugpy-1.8.14-py312h2ec8cdc_0.conda#089cf3a3becf0e2f403feaf16e921678
https://conda.anaconda.org/conda-forge/noarch/decorator-5.2.1-pyhd8ed1ab_0.conda#9ce473d1d1be1cc3810856a48b3fab32
https://conda.anaconda.org/conda-forge/noarch/defusedxml-0.7.1-pyhd8ed1ab_0.tar.bz2#961b3a227b437d82ad7054484cfa71b2
https://conda.anaconda.org/conda-forge/noarch/dynaconf-3.2.10-pyhd8ed1ab_0.conda#3c30fed6ea59274fc8b685960af0844d
https://conda.anaconda.org/conda-forge/noarch/easydict-1.13-pyhff2d567_1.conda#5e5e734a36bf8c075e344abda98bf73f
https://conda.anaconda.org/conda-forge/noarch/et_xmlfile-2.0.0-pyhd8ed1ab_1.conda#71bf9646cbfabf3022c8da4b6b4da737
https://conda.anaconda.org/conda-forge/noarch/exceptiongroup-1.2.2-pyhd8ed1ab_1.conda#a16662747cdeb9abbac74d0057cc976e
https://conda.anaconda.org/conda-forge/noarch/executing-2.1.0-pyhd8ed1ab_1.conda#ef8b5fca76806159fc25b4f48d8737eb
https://conda.anaconda.org/conda-forge/noarch/filelock-3.18.0-pyhd8ed1ab_0.conda#4547b39256e296bb758166893e909a7c
https://conda.anaconda.org/conda-forge/noarch/fsspec-2025.3.2-pyhd8ed1ab_0.conda#9c40692c3d24c7aaf335f673ac09d308
https://conda.anaconda.org/conda-forge/noarch/geojson-3.2.0-pyhd8ed1ab_0.conda#9f9840fb1c2e009fb0009a2f9461e64a
https://conda.anaconda.org/conda-forge/noarch/hpack-4.1.0-pyhd8ed1ab_0.conda#0a802cb9888dd14eeefc611f05c40b6e
https://conda.anaconda.org/conda-forge/noarch/html2text-2025.4.15-pyhd8ed1ab_0.conda#fad86e196675ca0ceb8242f41c0232f2
https://conda.anaconda.org/conda-forge/noarch/hyperframe-6.1.0-pyhd8ed1ab_0.conda#8e6923fc12f1fe8f8c4e5c9f343256ac
https://conda.anaconda.org/conda-forge/noarch/idna-3.10-pyhd8ed1ab_1.conda#39a4f67be3286c86d696df570b1201b7
https://conda.anaconda.org/conda-forge/noarch/iniconfig-2.0.0-pyhd8ed1ab_1.conda#6837f3eff7dcea42ecd714ce1ac2b108
https://conda.anaconda.org/conda-forge/noarch/json5-0.12.0-pyhd8ed1ab_0.conda#56275442557b3b45752c10980abfe2db
https://conda.anaconda.org/conda-forge/linux-64/jsonpointer-3.0.0-py312h7900ff3_1.conda#6b51f7459ea4073eeb5057207e2e1e3d
https://conda.anaconda.org/conda-forge/noarch/jupyterlab_widgets-3.0.14-pyhd8ed1ab_0.conda#5f17eb78a0ae9db2430c94a2cba222c8
https://conda.anaconda.org/conda-forge/linux-64/kiwisolver-1.4.8-py312h84d6215_0.conda#6713467dc95509683bfa3aca08524e8a
https://conda.anaconda.org/conda-forge/linux-64/lcms2-2.17-h717163a_0.conda#000e85703f0fd9594c81710dd5066471
https://conda.anaconda.org/conda-forge/linux-64/libarchive-3.7.7-h4585015_3.conda#a28808eae584c7f519943719b2a2b386
https://conda.anaconda.org/conda-forge/linux-64/libgl-1.7.0-ha4b6fd6_2.conda#928b8be80851f5d8ffb016f9c81dae7a
https://conda.anaconda.org/conda-forge/linux-64/libgrpc-1.71.0-he753a82_0.conda#65e3fc5e73aa153bb069c1baec51fc12
https://conda.anaconda.org/conda-forge/linux-64/libhwloc-2.11.2-default_h0d58e46_1001.conda#804ca9e91bcaea0824a341d55b1684f2
https://conda.anaconda.org/conda-forge/linux-64/libllvm20-20.1.3-he9d0ab4_0.conda#74c14fe2ab88e352ab6e4fedf5ecb527
https://conda.anaconda.org/conda-forge/linux-64/libwebp-1.5.0-hae8dbeb_0.conda#bb895ca27e7e33ab7a7c2c63529ce1e0
https://conda.anaconda.org/conda-forge/linux-64/libxkbcommon-1.8.1-hc4a0caf_0.conda#e7e5b0652227d646b44abdcbd989da7b
https://conda.anaconda.org/conda-forge/linux-64/libxslt-1.1.39-h76b75d6_0.conda#e71f31f8cfb0a91439f2086fc8aa0461
https://conda.anaconda.org/conda-forge/linux-64/markupsafe-3.0.2-py312h178313f_1.conda#eb227c3e0bf58f5bd69c0532b157975b
https://conda.anaconda.org/conda-forge/noarch/mccabe-0.7.0-pyhd8ed1ab_1.conda#827064ddfe0de2917fb29f1da4f8f533
https://conda.anaconda.org/conda-forge/noarch/mdurl-0.1.2-pyhd8ed1ab_1.conda#592132998493b3ff25fd7479396e8351
https://conda.anaconda.org/conda-forge/linux-64/mpc-1.3.1-h24ddda3_1.conda#aa14b9a5196a6d8dd364164b7ce56acf
https://conda.anaconda.org/conda-forge/noarch/mpmath-1.3.0-pyhd8ed1ab_1.conda#3585aa87c43ab15b167b574cd73b057b
https://conda.anaconda.org/conda-forge/noarch/munkres-1.1.4-pyh9f0ad1d_0.tar.bz2#2ba8498c1018c1e9c61eb99b973dfe19
https://conda.anaconda.org/conda-forge/noarch/mypy_extensions-1.0.0-pyha770c72_1.conda#29097e7ea634a45cc5386b95cac6568f
https://conda.anaconda.org/conda-forge/noarch/nest-asyncio-1.6.0-pyhd8ed1ab_1.conda#598fd7d4d0de2455fb74f56063969a97
https://conda.anaconda.org/conda-forge/noarch/networkx-3.4.2-pyh267e887_2.conda#fd40bf7f7f4bc4b647dc8512053d9873
https://conda.anaconda.org/conda-forge/linux-64/openjpeg-2.5.3-h5fbd93e_0.conda#9e5816bc95d285c115a3ebc2f8563564
https://conda.anaconda.org/conda-forge/linux-64/openldap-2.6.9-he970967_0.conda#ca2de8bbdc871bce41dbf59e51324165
https://conda.anaconda.org/conda-forge/noarch/packaging-24.2-pyhd8ed1ab_2.conda#3bfed7e6228ebf2f7b9eaa47f1b4e2aa
https://conda.anaconda.org/conda-forge/noarch/pandocfilters-1.5.0-pyhd8ed1ab_0.tar.bz2#457c2c8c08e54905d6954e79cb5b5db9
https://conda.anaconda.org/conda-forge/noarch/parso-0.8.4-pyhd8ed1ab_1.conda#5c092057b6badd30f75b06244ecd01c9
https://conda.anaconda.org/conda-forge/noarch/pathspec-0.12.1-pyhd8ed1ab_1.conda#617f15191456cc6a13db418a275435e5
https://conda.anaconda.org/conda-forge/noarch/pickleshare-0.7.5-pyhd8ed1ab_1004.conda#11a9d1d09a3615fc07c3faf79bc0b943
https://conda.anaconda.org/conda-forge/noarch/pkgutil-resolve-name-1.3.10-pyhd8ed1ab_2.conda#5a5870a74432aa332f7d32180633ad05
https://conda.anaconda.org/conda-forge/noarch/platformdirs-4.3.7-pyh29332c3_0.conda#e57da6fe54bb3a5556cf36d199ff07d8
https://conda.anaconda.org/conda-forge/noarch/pluggy-1.5.0-pyhd8ed1ab_1.conda#e9dcbce5f45f9ee500e728ae58b605b6
https://conda.anaconda.org/conda-forge/linux-64/proj-9.6.0-h0054346_1.conda#a3547a9c204da804d8ef9c40c7ac0b84
https://conda.anaconda.org/conda-forge/noarch/prometheus_client-0.21.1-pyhd8ed1ab_0.conda#3e01e386307acc60b2f89af0b2e161aa
https://conda.anaconda.org/conda-forge/linux-64/protobuf-5.29.3-py312h0f4f066_0.conda#4c412df32064636d9ebac1be3dd4cdbf
https://conda.anaconda.org/conda-forge/linux-64/psutil-7.0.0-py312h66e93f0_0.conda#8e30db4239508a538e4a3b3cdf5b9616
https://conda.anaconda.org/conda-forge/noarch/ptyprocess-0.7.0-pyhd8ed1ab_1.conda#7d9daffbb8d8e0af0f769dbbcd173a54
https://conda.anaconda.org/conda-forge/noarch/pure_eval-0.2.3-pyhd8ed1ab_1.conda#3bfdfb8dbcdc4af1ae3f9a8eb3948f04
https://conda.anaconda.org/conda-forge/noarch/pycodestyle-2.13.0-pyhd8ed1ab_0.conda#1337989ba999ea04f7b30232c491cbea
https://conda.anaconda.org/conda-forge/noarch/pycparser-2.22-pyh29332c3_1.conda#12c566707c80111f9799308d9e265aef
https://conda.anaconda.org/conda-forge/noarch/pyflakes-3.3.2-pyhd8ed1ab_0.conda#1a01eeba6fc99c83f464ae57603ae753
https://conda.anaconda.org/conda-forge/noarch/pygments-2.19.1-pyhd8ed1ab_0.conda#232fb4577b6687b2d503ef8e254270c9
https://conda.anaconda.org/conda-forge/noarch/pyparsing-3.2.3-pyhd8ed1ab_1.conda#513d3c262ee49b54a8fec85c5bc99764
https://conda.anaconda.org/conda-forge/noarch/pysocks-1.7.1-pyha55dd90_7.conda#461219d1a5bd61342293efa2c0c90eac
https://conda.anaconda.org/conda-forge/noarch/python-fastjsonschema-2.21.1-pyhd8ed1ab_0.conda#38e34d2d1d9dca4fb2b9a0a04f604e2c
https://conda.anaconda.org/conda-forge/noarch/python-json-logger-2.0.7-pyhd8ed1ab_0.conda#a61bf9ec79426938ff785eb69dbb1960
https://conda.anaconda.org/conda-forge/noarch/python-tzdata-2025.2-pyhd8ed1ab_0.conda#88476ae6ebd24f39261e0854ac244f33
https://conda.anaconda.org/conda-forge/noarch/pytz-2025.2-pyhd8ed1ab_0.conda#bc8e3267d44011051f2eb14d22fb0960
https://conda.anaconda.org/conda-forge/linux-64/pyyaml-6.0.2-py312h178313f_2.conda#cf2485f39740de96e2a7f2bb18ed2fee
https://conda.anaconda.org/conda-forge/linux-64/pyzmq-26.4.0-py312hbf22597_0.conda#fa0ab7d5bee9efbc370e71bcb5da9856
https://conda.anaconda.org/conda-forge/noarch/rfc3986-validator-0.1.1-pyh9f0ad1d_0.tar.bz2#912a71cc01012ee38e6b90ddd561e36f
https://conda.anaconda.org/conda-forge/linux-64/rpds-py-0.24.0-py312h3b7be25_0.conda#5f5c19cbbd3526fad9c8ca0cca3e7346
https://conda.anaconda.org/conda-forge/noarch/send2trash-1.8.3-pyh0d859eb_1.conda#938c8de6b9de091997145b3bf25cdbf9
https://conda.anaconda.org/conda-forge/noarch/setuptools-78.1.0-pyhff2d567_0.conda#a42da9837e46c53494df0044c3eb1f53
https://conda.anaconda.org/conda-forge/noarch/six-1.17.0-pyhd8ed1ab_0.conda#a451d576819089b0d672f18768be0f65
https://conda.anaconda.org/conda-forge/noarch/sniffio-1.3.1-pyhd8ed1ab_1.conda#bf7a226e58dfb8346c70df36065d86c9
https://conda.anaconda.org/conda-forge/noarch/soupsieve-2.5-pyhd8ed1ab_1.conda#3f144b2c34f8cb5a9abd9ed23a39c561
https://conda.anaconda.org/conda-forge/linux-64/tensorboard-data-server-0.7.0-py312hda17c39_2.conda#8f4e72393be23b3eaa7bbc3cd4a71c40
https://conda.anaconda.org/conda-forge/noarch/threadpoolctl-3.6.0-pyhecae5ae_0.conda#9d64911b31d57ca443e9f1e36b04385f
https://conda.anaconda.org/conda-forge/noarch/tomli-2.2.1-pyhd8ed1ab_1.conda#ac944244f1fed2eb49bae07193ae8215
https://conda.anaconda.org/conda-forge/linux-64/tornado-6.4.2-py312h66e93f0_0.conda#e417822cb989e80a0d2b1b576fdd1657
https://conda.anaconda.org/conda-forge/noarch/traitlets-5.14.3-pyhd8ed1ab_1.conda#019a7385be9af33791c989871317e1ed
https://conda.anaconda.org/conda-forge/noarch/types-python-dateutil-2.9.0.20241206-pyhd8ed1ab_0.conda#1dbc4a115e2ad9fb7f9d5b68397f66f9
https://conda.anaconda.org/conda-forge/noarch/typing_extensions-4.13.2-pyh29332c3_0.conda#83fc6ae00127671e301c9f44254c31b8
https://conda.anaconda.org/conda-forge/noarch/typing_utils-0.1.0-pyhd8ed1ab_1.conda#f6d7aa696c67756a650e91e15e88223c
https://conda.anaconda.org/conda-forge/linux-64/unicodedata2-16.0.0-py312h66e93f0_0.conda#617f5d608ff8c28ad546e5d9671cbb95
https://conda.anaconda.org/conda-forge/noarch/uri-template-1.3.0-pyhd8ed1ab_1.conda#e7cb0f5745e4c5035a460248334af7eb
https://conda.anaconda.org/conda-forge/noarch/wcwidth-0.2.13-pyhd8ed1ab_1.conda#b68980f2495d096e71c7fd9d7ccf63e6
https://conda.anaconda.org/conda-forge/noarch/webcolors-24.11.1-pyhd8ed1ab_0.conda#b49f7b291e15494aafb0a7d74806f337
https://conda.anaconda.org/conda-forge/noarch/webencodings-0.5.1-pyhd8ed1ab_3.conda#2841eb5bfc75ce15e9a0054b98dcd64d
https://conda.anaconda.org/conda-forge/noarch/websocket-client-1.8.0-pyhd8ed1ab_1.conda#84f8f77f0a9c6ef401ee96611745da8f
https://conda.anaconda.org/conda-forge/noarch/wheel-0.45.1-pyhd8ed1ab_1.conda#75cb7132eb58d97896e173ef12ac9986
https://conda.anaconda.org/conda-forge/noarch/widgetsnbextension-4.0.14-pyhd8ed1ab_0.conda#2f1f99b13b9d2a03570705030a0b3e7c
https://conda.anaconda.org/conda-forge/linux-64/xcb-util-cursor-0.1.5-hb9d3cd8_0.conda#eb44b3b6deb1cab08d72cb61686fe64c
https://conda.anaconda.org/conda-forge/linux-64/xorg-libxcomposite-0.4.6-hb9d3cd8_2.conda#d3c295b50f092ab525ffe3c2aa4b7413
https://conda.anaconda.org/conda-forge/linux-64/xorg-libxcursor-1.2.3-hb9d3cd8_0.conda#2ccd714aa2242315acaf0a67faea780b
https://conda.anaconda.org/conda-forge/linux-64/xorg-libxdamage-1.1.6-hb9d3cd8_0.conda#b5fcc7172d22516e1f965490e65e33a4
https://conda.anaconda.org/conda-forge/linux-64/xorg-libxi-1.8.2-hb9d3cd8_0.conda#17dcc85db3c7886650b8908b183d6876
https://conda.anaconda.org/conda-forge/linux-64/xorg-libxrandr-1.5.4-hb9d3cd8_0.conda#2de7f99d6581a4a7adbff607b5c278ca
https://conda.anaconda.org/conda-forge/linux-64/xorg-libxxf86vm-1.1.6-hb9d3cd8_0.conda#5efa5fa6243a622445fdfd72aee15efa
https://conda.anaconda.org/conda-forge/noarch/xyzservices-2025.1.0-pyhd8ed1ab_0.conda#fdf07e281a9e5e10fc75b2dd444136e9
https://conda.anaconda.org/conda-forge/noarch/zipp-3.21.0-pyhd8ed1ab_1.conda#0c3cc595284c5e8f0f9900a9b228a332
https://conda.anaconda.org/conda-forge/noarch/anyio-4.9.0-pyh29332c3_0.conda#9749a2c77a7c40d432ea0927662d7e52
https://conda.anaconda.org/conda-forge/noarch/async-lru-2.0.5-pyh29332c3_0.conda#d9d0f99095a9bb7e3641bca8c6ad2ac7
https://conda.anaconda.org/conda-forge/noarch/babel-2.17.0-pyhd8ed1ab_0.conda#0a01c169f0ab0f91b26e77a3301fbfe4
https://conda.anaconda.org/conda-forge/noarch/black-25.1.0-pyh866005b_0.conda#b9b0c42e7316aa6043bdfd49883955b8
https://conda.anaconda.org/conda-forge/noarch/bleach-6.2.0-pyh29332c3_4.conda#f0b4c8e370446ef89797608d60a564b3
https://conda.anaconda.org/conda-forge/noarch/cached-property-1.5.2-hd8ed1ab_1.tar.bz2#9b347a7ec10940d3f7941ff6c460b551
https://conda.anaconda.org/conda-forge/linux-64/cffi-1.17.1-py312h06ac9bb_0.conda#a861504bbea4161a9170b85d4d2be840
https://conda.anaconda.org/conda-forge/noarch/click-plugins-1.1.1-pyhd8ed1ab_1.conda#82bea35e4dac4678ba623cf10e95e375
https://conda.anaconda.org/conda-forge/noarch/cligj-0.7.2-pyhd8ed1ab_2.conda#55c7804f428719241a90b152016085a1
https://conda.anaconda.org/conda-forge/noarch/comm-0.2.2-pyhd8ed1ab_1.conda#74673132601ec2b7fc592755605f4c1b
https://conda.anaconda.org/conda-forge/noarch/flake8-7.2.0-pyhd8ed1ab_0.conda#a5097429ce9d1e049efc336a5db0955e
https://conda.anaconda.org/conda-forge/linux-64/fonttools-4.57.0-py312h178313f_0.conda#97907388593b27ac01237a1023d58d3d
https://conda.anaconda.org/conda-forge/noarch/geomet-1.1.0-pyhd8ed1ab_0.conda#06cff0d603c913f4b41865d80d361c61
https://conda.anaconda.org/conda-forge/linux-64/geotiff-1.7.4-h239500f_2.conda#b0c42bce162a38b1aa2f6dfb5c412bc4
https://conda.anaconda.org/conda-forge/linux-64/gmpy2-2.1.5-py312h7201bc8_3.conda#673ef4d6611f5b4ca7b5c1f8c65a38dc
https://conda.anaconda.org/conda-forge/linux-64/grpcio-1.71.0-py312h9c3ccc5_0.conda#266b77ba9c1d23ced61bd81f193ed29c
https://conda.anaconda.org/conda-forge/noarch/h11-0.14.0-pyhd8ed1ab_1.conda#7ee49e89531c0dcbba9466f6d115d585
https://conda.anaconda.org/conda-forge/noarch/h2-4.2.0-pyhd8ed1ab_0.conda#b4754fb1bdcb70c8fd54f918301582c6
https://conda.anaconda.org/conda-forge/linux-64/harfbuzz-11.0.1-h2c12942_0.conda#c90105cecb8bf8248f6666f1f5a40bbb
https://conda.anaconda.org/conda-forge/noarch/importlib-metadata-8.6.1-pyha770c72_0.conda#f4b39bf00c69f56ac01e020ebfac066c
https://conda.anaconda.org/conda-forge/noarch/importlib_resources-6.5.2-pyhd8ed1ab_0.conda#c85c76dc67d75619a92f51dfbce06992
https://conda.anaconda.org/conda-forge/noarch/ipython_pygments_lexers-1.1.1-pyhd8ed1ab_0.conda#bd80ba060603cc228d9d81c257093119
https://conda.anaconda.org/conda-forge/noarch/isort-6.0.1-pyhd8ed1ab_0.conda#a8abfd3f223b1ecb8c699dca974933bd
https://conda.anaconda.org/conda-forge/noarch/jedi-0.19.2-pyhd8ed1ab_1.conda#a4f4c5dc9b80bc50e0d3dc4e6e8f1bd9
https://conda.anaconda.org/conda-forge/noarch/jinja2-3.1.6-pyhd8ed1ab_0.conda#446bd6c8cb26050d528881df495ce646
https://conda.anaconda.org/conda-forge/noarch/joblib-1.4.2-pyhd8ed1ab_1.conda#bf8243ee348f3a10a14ed0cae323e0c1
https://conda.anaconda.org/conda-forge/noarch/jsonpatch-1.33-pyhd8ed1ab_1.conda#cb60ae9cf02b9fcb8004dec4089e5691
https://conda.anaconda.org/conda-forge/noarch/jupyter_core-5.7.2-pyh31011fe_1.conda#0a2980dada0dd7fd0998f0342308b1b1
https://conda.anaconda.org/conda-forge/noarch/jupyterlab_pygments-0.3.0-pyhd8ed1ab_2.conda#fd312693df06da3578383232528c468d
https://conda.anaconda.org/conda-forge/linux-64/libclang-cpp20.1-20.1.3-default_h1df26ce_0.conda#bbce8ba7f25af8b0928f13fca1eb7405
https://conda.anaconda.org/conda-forge/linux-64/libclang13-20.1.3-default_he06ed0a_0.conda#1bb2ec3c550f7589b2d16e271aeaeddb
https://conda.anaconda.org/conda-forge/linux-64/libpq-17.4-h27ae623_1.conda#37fba334855ef3b51549308e61ed7a3d
https://conda.anaconda.org/conda-forge/linux-64/libspatialite-5.1.0-he17ca71_14.conda#d010b5907ed39fdb93eb6180ab925115
https://conda.anaconda.org/conda-forge/linux-64/libva-2.22.0-h4f16b4b_2.conda#2c65566e79dc11318ce689c656fb551c
https://conda.anaconda.org/conda-forge/noarch/lightning-utilities-0.14.3-pyhd8ed1ab_0.conda#fc7847be22ca2fc44fa94de0bd75e94a
https://conda.anaconda.org/conda-forge/noarch/markdown-it-py-3.0.0-pyhd8ed1ab_1.conda#fee3164ac23dfca50cfcc8b85ddefb81
https://conda.anaconda.org/conda-forge/noarch/matplotlib-inline-0.1.7-pyhd8ed1ab_1.conda#af6ab708897df59bd6e7283ceab1b56b
https://conda.anaconda.org/conda-forge/noarch/mistune-3.1.3-pyh29332c3_0.conda#7ec6576e328bc128f4982cd646eeba85
https://conda.anaconda.org/conda-forge/linux-64/openpyxl-3.1.5-py312h710cb58_1.conda#69a8838436435f59d72ddcb8dfd24a28
https://conda.anaconda.org/conda-forge/noarch/overrides-7.7.0-pyhd8ed1ab_1.conda#e51f1e4089cad105b6cac64bd8166587
https://conda.anaconda.org/conda-forge/noarch/pexpect-4.9.0-pyhd8ed1ab_1.conda#d0d408b1f18883a944376da5cf8101ea
https://conda.anaconda.org/conda-forge/linux-64/pillow-11.1.0-py312h80c1187_0.conda#d3894405f05b2c0f351d5de3ae26fa9c
https://conda.anaconda.org/conda-forge/noarch/pip-25.0.1-pyh8b19718_0.conda#79b5c1440aedc5010f687048d9103628
https://conda.anaconda.org/conda-forge/noarch/prompt-toolkit-3.0.51-pyha770c72_0.conda#d17ae9db4dc594267181bd199bf9a551
https://conda.anaconda.org/conda-forge/linux-64/pyproj-3.7.1-py312h03c6e1f_1.conda#f754591f9ec0169e436fa84cb9db0c32
https://conda.anaconda.org/conda-forge/noarch/pytest-8.3.5-pyhd8ed1ab_0.conda#c3c9316209dec74a705a36797970c6be
https://conda.anaconda.org/conda-forge/noarch/python-dateutil-2.9.0.post0-pyhff2d567_1.conda#5ba79d7c71f03c678c8ead841f347d6e
https://conda.anaconda.org/pytorch/linux-64/pytorch-cuda-11.8-h7e8668a_6.tar.bz2#84fb23b7a51f0f4942c33412ea19f833
https://conda.anaconda.org/conda-forge/noarch/referencing-0.36.2-pyh29332c3_0.conda#9140f1c09dd5489549c6a33931b943c7
https://conda.anaconda.org/conda-forge/noarch/rfc3339-validator-0.1.4-pyhd8ed1ab_1.conda#36de09a8d3e5d5e6f4ee63af49e59706
https://conda.anaconda.org/conda-forge/noarch/stack_data-0.6.3-pyhd8ed1ab_1.conda#b1b505328da7a6b246787df4b5a49fbc
https://conda.anaconda.org/conda-forge/linux-64/tbb-2021.13.0-hceb3a55_1.conda#ba7726b8df7b9d34ea80e82b097a4893
https://conda.anaconda.org/conda-forge/noarch/terminado-0.18.1-pyh0d859eb_0.conda#efba281bbdae5f6b0a1d53c6d4a97c93
https://conda.anaconda.org/conda-forge/noarch/tinycss2-1.4.0-pyhd8ed1ab_0.conda#f1acf5fdefa8300de697982bcb1761c9
https://conda.anaconda.org/conda-forge/noarch/tqdm-4.67.1-pyhd8ed1ab_1.conda#9efbfdc37242619130ea42b1cc4ed861
https://conda.anaconda.org/conda-forge/noarch/typing-extensions-4.13.2-h0e9735f_0.conda#568ed1300869dca0ba09fb750cda5dbb
https://conda.anaconda.org/conda-forge/noarch/werkzeug-3.1.3-pyhd8ed1ab_1.conda#0a9b57c159d56b508613cc39022c1b9e
https://conda.anaconda.org/conda-forge/linux-64/xorg-libxtst-1.2.5-hb9d3cd8_3.conda#7bbe9a0cc0df0ac5f5a8ad6d6a11af2f
https://conda.anaconda.org/conda-forge/linux-64/argon2-cffi-bindings-21.2.0-py312h66e93f0_5.conda#1505fc57c305c0a3174ea7aae0a0db25
https://conda.anaconda.org/conda-forge/noarch/arrow-1.3.0-pyhd8ed1ab_1.conda#46b53236fdd990271b03c3978d4218a9
https://conda.anaconda.org/conda-forge/noarch/beautifulsoup4-4.13.4-pyha770c72_0.conda#9f07c4fc992adb2d6c30da7fab3959a7
https://conda.anaconda.org/conda-forge/noarch/bleach-with-css-6.2.0-h82add2a_4.conda#a30e9406c873940383555af4c873220d
https://conda.anaconda.org/conda-forge/noarch/branca-0.8.1-pyhd8ed1ab_0.conda#9f3937b768675ab4346f07e9ef723e4b
https://conda.anaconda.org/conda-forge/linux-64/ffmpeg-4.4.2-gpl_hdf48244_113.conda#08d463a9d1f6ce078a25ac96eb9e2083
https://conda.anaconda.org/conda-forge/noarch/fqdn-1.5.1-pyhd8ed1ab_1.conda#d3549fd50d450b6d9e7dddff25dd2110
https://conda.anaconda.org/conda-forge/noarch/httpcore-1.0.7-pyh29332c3_1.conda#2ca8e6dbc86525c8b95e3c0ffa26442e
https://conda.anaconda.org/conda-forge/noarch/ipython-9.1.0-pyhfb0248b_0.conda#b6c7f97b71c0f670dd9e585d3f65e867
https://conda.anaconda.org/conda-forge/noarch/jsonschema-specifications-2024.10.1-pyhd8ed1ab_1.conda#3b519bc21bc80e60b456f1e62962a766
https://conda.anaconda.org/conda-forge/noarch/jupyter_client-8.6.3-pyhd8ed1ab_1.conda#4ebae00eae9705b0c3d6d1018a81d047
https://conda.anaconda.org/conda-forge/noarch/jupyter_server_terminals-0.5.3-pyhd8ed1ab_1.conda#2d983ff1b82a1ccb6f2e9d8784bdd6bd
https://conda.anaconda.org/conda-forge/linux-64/libgdal-core-3.10.3-hab2de9c_2.conda#b5df09c3fbda16ddecd28711a03e9403
https://conda.anaconda.org/conda-forge/noarch/markdown-3.6-pyhd8ed1ab_0.conda#06e9bebf748a0dea03ecbe1f0e27e909
https://conda.anaconda.org/conda-forge/linux-64/mkl-2022.2.1-h84fe81f_16997.conda#a7ce56d5757f5b57e7daabe703ade5bb
https://conda.anaconda.org/conda-forge/noarch/prompt_toolkit-3.0.51-hd8ed1ab_0.conda#1e61ab85dd7c60e5e73d853ea035dc29
https://conda.anaconda.org/conda-forge/linux-64/pydantic-1.10.19-py312h30e4e5e_0.conda#b39d614143b0ebbdecd8c2356ad72942
https://conda.anaconda.org/conda-forge/linux-64/qt6-main-6.9.0-h6441bc3_1.conda#4029a8dcb1d97ea241dbe5abfda1fad6
https://conda.anaconda.org/conda-forge/noarch/rich-14.0.0-pyh29332c3_0.conda#202f08242192ce3ed8bdb439ba40c0fe
https://conda.anaconda.org/conda-forge/noarch/sympy-1.13.3-pyh2585a3b_105.conda#254cd5083ffa04d96e3173397a3d30f4
https://conda.anaconda.org/conda-forge/linux-64/zstandard-0.23.0-py312h66e93f0_1.conda#d28b82fcc8d1b462b595af4b15a6cdcf
https://conda.anaconda.org/conda-forge/noarch/argon2-cffi-23.1.0-pyhd8ed1ab_1.conda#a7ee488b71c30ada51c48468337b85ba
https://conda.anaconda.org/conda-forge/linux-64/blas-1.0-mkl.tar.bz2#349aef876b1d8c9dccae01de20d5b385
https://conda.anaconda.org/conda-forge/noarch/httpx-0.28.1-pyhd8ed1ab_0.conda#d6989ead454181f4f9bc987d3dc4e285
https://conda.anaconda.org/conda-forge/noarch/ipykernel-6.29.5-pyh3099207_0.conda#b40131ab6a36ac2c09b7c57d4d3fbf99
https://conda.anaconda.org/conda-forge/noarch/ipywidgets-8.1.6-pyhd8ed1ab_0.conda#71f5d1458db8d9c864abb562588ff893
https://conda.anaconda.org/conda-forge/noarch/isoduration-20.11.0-pyhd8ed1ab_1.conda#0b0154421989637d424ccf0f104be51a
https://conda.anaconda.org/conda-forge/noarch/jsonschema-4.23.0-pyhd8ed1ab_1.conda#a3cead9264b331b32fe8f0aabc967522
https://conda.anaconda.org/conda-forge/linux-64/libblas-3.9.0-16_linux64_mkl.tar.bz2#85f61af03fd291dae33150ffe89dc09a
https://conda.anaconda.org/conda-forge/linux-64/libgdal-jp2openjpeg-3.10.3-h021fd61_2.conda#5149da414024cac46006fd6c7e5b046e
https://conda.anaconda.org/conda-forge/linux-64/pyside6-6.9.0-py312h91f0f75_0.conda#e3a335c7530a1d0c4db621914f00f9f7
https://conda.anaconda.org/conda-forge/noarch/urllib3-2.4.0-pyhd8ed1ab_0.conda#c1e349028e0052c4eea844e94f773065
https://conda.anaconda.org/conda-forge/noarch/jsonschema-with-format-nongpl-4.23.0-hd8ed1ab_1.conda#a5b1a8065857cc4bd8b7a38d063bb728
https://conda.anaconda.org/conda-forge/noarch/jupyter_console-6.6.3-pyhd8ed1ab_1.conda#801dbf535ec26508fac6d4b24adfb76e
https://conda.anaconda.org/conda-forge/linux-64/libcblas-3.9.0-16_linux64_mkl.tar.bz2#361bf757b95488de76c4f123805742d3
https://conda.anaconda.org/conda-forge/linux-64/liblapack-3.9.0-16_linux64_mkl.tar.bz2#a2f166748917d6d6e4707841ca1f519e
https://conda.anaconda.org/conda-forge/noarch/nbformat-5.10.4-pyhd8ed1ab_1.conda#bbe1963f1e47f594070ffe87cdf612ea
https://conda.anaconda.org/conda-forge/noarch/requests-2.32.3-pyhd8ed1ab_1.conda#a9b9368f3701a417eac9edbcae7cb737
https://conda.anaconda.org/conda-forge/noarch/jupyter_events-0.12.0-pyh29332c3_0.conda#f56000b36f09ab7533877e695e4e8cb0
https://conda.anaconda.org/conda-forge/noarch/nbclient-0.10.2-pyhd8ed1ab_0.conda#6bb0d77277061742744176ab555b723c
https://conda.anaconda.org/conda-forge/linux-64/numpy-2.2.4-py312h72c5963_0.conda#3f2871f111d8c0abd9c3150a8627507e
https://conda.anaconda.org/conda-forge/noarch/sentinelsat-1.2.1-pyhd8ed1ab_1.conda#7e09d1fcb2df5233d6fbffe3b3bca815
https://conda.anaconda.org/conda-forge/linux-64/contourpy-1.3.2-py312h68727a3_0.conda#e688276449452cdfe9f8f5d3e74c23f6
https://conda.anaconda.org/conda-forge/noarch/folium-0.19.5-pyhd8ed1ab_0.conda#4cb9e567a829a9083cc66eda88f2d330
https://conda.anaconda.org/conda-forge/noarch/nbconvert-core-7.16.6-pyh29332c3_0.conda#d24beda1d30748afcc87c429454ece1b
https://conda.anaconda.org/conda-forge/linux-64/pandas-2.2.3-py312hf9745cd_3.conda#2979458c23c7755683a0598fb33e7666
https://conda.anaconda.org/conda-forge/noarch/patsy-1.0.1-pyhd8ed1ab_1.conda#ee23fabfd0a8c6b8d6f3729b47b2859d
https://conda.anaconda.org/conda-forge/linux-64/pyogrio-0.10.0-py312h02b19dd_1.conda#6ebb12bd1833a52e08e63297b8621903
https://conda.anaconda.org/conda-forge/linux-64/scipy-1.15.2-py312ha707e6e_0.conda#00b999c5f9d01fb633db819d79186bd4
https://conda.anaconda.org/conda-forge/linux-64/shapely-2.1.0-py312h21f5128_0.conda#761c745a289b3d6abf56eb1193343172
https://conda.anaconda.org/conda-forge/noarch/snuggs-1.4.7-pyhd8ed1ab_2.conda#9aa358575bbd4be126eaa5e0039f835c
https://conda.anaconda.org/conda-forge/noarch/spectral-0.23.1-pyhd8ed1ab_1.conda#eb19038bdd45c219360986b3db2cef0f
https://conda.anaconda.org/conda-forge/noarch/tensorboard-2.19.0-pyhd8ed1ab_0.conda#59cc119240f48dc05369fa8bea07ea05
https://conda.anaconda.org/conda-forge/noarch/geopandas-base-1.0.1-pyha770c72_3.conda#e8343d1b635bf09dafdd362d7357f395
https://conda.anaconda.org/conda-forge/noarch/jupyter_server-2.15.0-pyhd8ed1ab_0.conda#6ba8c206b5c6f52b82435056cf74ee46
https://conda.anaconda.org/conda-forge/linux-64/matplotlib-base-3.10.1-py312hd3ec401_0.conda#514d8a6894286f6d9894b352782c7e18
https://conda.anaconda.org/conda-forge/linux-64/rasterio-1.4.3-py312h021bea1_1.conda#9d8c34febd2fe058fd011f078a765f09
https://conda.anaconda.org/conda-forge/linux-64/scikit-learn-1.6.1-py312h7a48858_0.conda#102727f71df02a51e9e173f2e6f87d57
https://conda.anaconda.org/conda-forge/linux-64/statsmodels-0.14.4-py312hc0a28a1_0.conda#97dc960f3d9911964d73c2cf240baea5
https://conda.anaconda.org/conda-forge/noarch/visdom-0.2.4-pyhd8ed1ab_0.conda#e005604d102dcd64815750e04c3a481b
https://conda.anaconda.org/conda-forge/noarch/jupyter-lsp-2.2.5-pyhd8ed1ab_1.conda#0b4c3908e5a38ea22ebb98ee5888c768
https://conda.anaconda.org/conda-forge/noarch/jupyterlab_server-2.27.3-pyhd8ed1ab_1.conda#9dc4b2b0f41f0de41d27f3293e319357
https://conda.anaconda.org/conda-forge/noarch/mapclassify-2.8.1-pyhd8ed1ab_1.conda#c48bbb2bcc3f9f46741a7915d67e6839
https://conda.anaconda.org/conda-forge/linux-64/matplotlib-3.10.1-py312h7900ff3_0.conda#b598ea33028b8c40bee0fbc2e94b9870
https://conda.anaconda.org/conda-forge/noarch/notebook-shim-0.2.4-pyhd8ed1ab_1.conda#e7f89ea5f7ea9401642758ff50a2d9c1
https://conda.anaconda.org/conda-forge/noarch/rio-vrt-0.3.1-pyhd8ed1ab_1.conda#d2bf9b603975ac8c81ae049392852468
https://conda.anaconda.org/conda-forge/noarch/seaborn-base-0.13.2-pyhd8ed1ab_3.conda#fd96da444e81f9e6fcaac38590f3dd42
https://conda.anaconda.org/conda-forge/noarch/geopandas-1.0.1-pyhd8ed1ab_3.conda#1baca589eb35814a392eaad6d152447e
https://conda.anaconda.org/conda-forge/noarch/jupyterlab-4.4.0-pyhd8ed1ab_0.conda#2da6a5e2c788a1b1998b24c50a18572a
https://conda.anaconda.org/conda-forge/noarch/seaborn-0.13.2-hd8ed1ab_3.conda#62afb877ca2c2b4b6f9ecb37320085b6
https://conda.anaconda.org/conda-forge/noarch/notebook-7.4.0-pyhd8ed1ab_0.conda#7e82caa4495c513bcfb33a159e1222d4
https://conda.anaconda.org/conda-forge/noarch/osmnx-base-2.0.2-pyhd8ed1ab_1.conda#fc123fab74ef1a037aa4cda75f45df12
https://conda.anaconda.org/conda-forge/noarch/jupyter-1.1.1-pyhd8ed1ab_1.conda#9453512288d20847de4356327d0e1282
https://conda.anaconda.org/conda-forge/noarch/osmnx-2.0.2-ha770c72_1.conda#4913926a3a29944d1e112eeeb08bead1
https://conda.anaconda.org/pytorch/linux-64/pytorch-2.5.1-py3.12_cuda11.8_cudnn9.1.0_0.tar.bz2#1cf45623b40f48c5527361e293093a95
https://conda.anaconda.org/pytorch/linux-64/torchaudio-2.5.1-py312_cu118.tar.bz2#c8566b217df9eee160bded852185c784
https://conda.anaconda.org/conda-forge/noarch/torchinfo-1.8.0-pyhd8ed1ab_1.conda#122968978f1e2d876d10ef7398a42ae5
https://conda.anaconda.org/conda-forge/noarch/torchmetrics-1.7.1-pyhd8ed1ab_0.conda#de4c98760a15583a95f9c3031745a31c
https://conda.anaconda.org/pytorch/linux-64/torchtriton-3.1.0-py312.tar.bz2#bb4b2d07cb6b9b476e78740c08ba69fe
https://conda.anaconda.org/pytorch/linux-64/torchvision-0.20.1-py312_cu118.tar.bz2#099b789928e248878d2cf5cab0905e73
https://conda.anaconda.org/conda-forge/noarch/pytorch-lightning-2.5.1-pyh506cb10_0.conda#14420d83706b3a9dd8d2e6f5436d4117
